// !$*UTF8*$!
{
	archiveVersion = 1;
	classes = {
	};
	objectVersion = 55;
	objects = {

/* Begin PBXBuildFile section */
		FA1E4B9A28C8143D009D195A /* IssueTrackingSystemApp.swift in Sources */ = {isa = PBXBuildFile; fileRef = FA1E4B6E28C8143B009D195A /* IssueTrackingSystemApp.swift */; };
		FA1E4B9F28C8143D009D195A /* Assets.xcassets in Resources */ = {isa = PBXBuildFile; fileRef = FA1E4B7128C8143D009D195A /* Assets.xcassets */; };
		FA1E4BA028C8143D009D195A /* Assets.xcassets in Resources */ = {isa = PBXBuildFile; fileRef = FA1E4B7128C8143D009D195A /* Assets.xcassets */; };
		FAABDCB428CD30F60014DCFB /* IssueTrackingSystemApp.swift in Sources */ = {isa = PBXBuildFile; fileRef = FA1E4B6E28C8143B009D195A /* IssueTrackingSystemApp.swift */; };
		FAAC0D3128D830F40028E419 /* Application in Frameworks */ = {isa = PBXBuildFile; productRef = FAAC0D3028D830F40028E419 /* Application */; };
		FAAC0D3328D831090028E419 /* Application in Frameworks */ = {isa = PBXBuildFile; productRef = FAAC0D3228D831090028E419 /* Application */; };
		FAFCBB4828D2D55200128B79 /* CloudKit.framework in Frameworks */ = {isa = PBXBuildFile; fileRef = FAFCBB4728D2D55200128B79 /* CloudKit.framework */; };
		FAFCBB4928D2F0B600128B79 /* CloudKit.framework in Frameworks */ = {isa = PBXBuildFile; fileRef = FAFCBB4728D2D55200128B79 /* CloudKit.framework */; };
/* End PBXBuildFile section */

/* Begin PBXContainerItemProxy section */
		FA1E4B8428C8143D009D195A /* PBXContainerItemProxy */ = {
			isa = PBXContainerItemProxy;
			containerPortal = FA1E4B6728C8143B009D195A /* Project object */;
			proxyType = 1;
			remoteGlobalIDString = FA1E4B7528C8143D009D195A;
			remoteInfo = "IssueTrackingSystem (iOS)";
		};
		FA1E4B9028C8143D009D195A /* PBXContainerItemProxy */ = {
			isa = PBXContainerItemProxy;
			containerPortal = FA1E4B6728C8143B009D195A /* Project object */;
			proxyType = 1;
			remoteGlobalIDString = FA1E4B7B28C8143D009D195A;
			remoteInfo = "IssueTrackingSystem (macOS)";
		};
/* End PBXContainerItemProxy section */

/* Begin PBXFileReference section */
		FA0039E628D8209400913385 /* macOS.entitlements */ = {isa = PBXFileReference; fileEncoding = 4; lastKnownFileType = text.plist.entitlements; path = macOS.entitlements; sourceTree = "<group>"; };
		FA1E4B6E28C8143B009D195A /* IssueTrackingSystemApp.swift */ = {isa = PBXFileReference; lastKnownFileType = sourcecode.swift; path = IssueTrackingSystemApp.swift; sourceTree = "<group>"; };
		FA1E4B7128C8143D009D195A /* Assets.xcassets */ = {isa = PBXFileReference; lastKnownFileType = folder.assetcatalog; path = Assets.xcassets; sourceTree = "<group>"; };
		FA1E4B8728C8143D009D195A /* Tests_iOS.swift */ = {isa = PBXFileReference; lastKnownFileType = sourcecode.swift; path = Tests_iOS.swift; sourceTree = "<group>"; };
		FA1E4B8928C8143D009D195A /* Tests_iOSLaunchTests.swift */ = {isa = PBXFileReference; lastKnownFileType = sourcecode.swift; path = Tests_iOSLaunchTests.swift; sourceTree = "<group>"; };
		FA1E4B9328C8143D009D195A /* Tests_macOS.swift */ = {isa = PBXFileReference; lastKnownFileType = sourcecode.swift; path = Tests_macOS.swift; sourceTree = "<group>"; };
		FA1E4B9528C8143D009D195A /* Tests_macOSLaunchTests.swift */ = {isa = PBXFileReference; lastKnownFileType = sourcecode.swift; path = Tests_macOSLaunchTests.swift; sourceTree = "<group>"; };
		FA28861228D1025100A24F7B /* IssueTrackingSystem (iOS)Release.entitlements */ = {isa = PBXFileReference; lastKnownFileType = text.plist.entitlements; path = "IssueTrackingSystem (iOS)Release.entitlements"; sourceTree = "<group>"; };
		FA28861328D1025D00A24F7B /* IssueTrackingSystem (macOS)Release.entitlements */ = {isa = PBXFileReference; lastKnownFileType = text.plist.entitlements; path = "IssueTrackingSystem (macOS)Release.entitlements"; sourceTree = "<group>"; };
		FA686D8028D0BFA4001972A0 /* IssueTrackingSystem (iOS).entitlements */ = {isa = PBXFileReference; lastKnownFileType = text.plist.entitlements; path = "IssueTrackingSystem (iOS).entitlements"; sourceTree = "<group>"; };
		FA686D8128D0C042001972A0 /* IssueTrackingSystem--iOS--Info.plist */ = {isa = PBXFileReference; lastKnownFileType = text.plist.xml; path = "IssueTrackingSystem--iOS--Info.plist"; sourceTree = "<group>"; };
		FAA74AA728D7F37C00EF5F3E /* IssueTrackingSystem.app */ = {isa = PBXFileReference; explicitFileType = wrapper.application; includeInIndex = 0; path = IssueTrackingSystem.app; sourceTree = BUILT_PRODUCTS_DIR; };
		FAA74AA828D7F37C00EF5F3E /* IssueTrackingSystem.app */ = {isa = PBXFileReference; explicitFileType = wrapper.application; includeInIndex = 0; path = IssueTrackingSystem.app; sourceTree = BUILT_PRODUCTS_DIR; };
		FAA74AA928D7F37C00EF5F3E /* Tests iOS.xctest */ = {isa = PBXFileReference; explicitFileType = wrapper.cfbundle; includeInIndex = 0; path = "Tests iOS.xctest"; sourceTree = BUILT_PRODUCTS_DIR; };
		FAA74AAA28D7F37C00EF5F3E /* Tests macOS.xctest */ = {isa = PBXFileReference; explicitFileType = wrapper.cfbundle; includeInIndex = 0; path = "Tests macOS.xctest"; sourceTree = BUILT_PRODUCTS_DIR; };
		FAAC0D2C28D82D6C0028E419 /* CoreDataPlugin */ = {isa = PBXFileReference; lastKnownFileType = wrapper; path = CoreDataPlugin; sourceTree = "<group>"; };
		FAAC0D2D28D82E3D0028E419 /* UseCases */ = {isa = PBXFileReference; lastKnownFileType = wrapper; path = UseCases; sourceTree = "<group>"; };
		FAAC0D2E28D82E450028E419 /* Domain */ = {isa = PBXFileReference; lastKnownFileType = wrapper; path = Domain; sourceTree = "<group>"; };
		FAAC0D2F28D830140028E419 /* Application */ = {isa = PBXFileReference; lastKnownFileType = wrapper; path = Application; sourceTree = "<group>"; };
		FAFCBB4728D2D55200128B79 /* CloudKit.framework */ = {isa = PBXFileReference; lastKnownFileType = wrapper.framework; name = CloudKit.framework; path = System/Library/Frameworks/CloudKit.framework; sourceTree = SDKROOT; };
/* End PBXFileReference section */

/* Begin PBXFrameworksBuildPhase section */
		FA1E4B7328C8143D009D195A /* Frameworks */ = {
			isa = PBXFrameworksBuildPhase;
			buildActionMask = 2147483647;
			files = (
				FAAC0D3128D830F40028E419 /* Application in Frameworks */,
				FAFCBB4928D2F0B600128B79 /* CloudKit.framework in Frameworks */,
			);
			runOnlyForDeploymentPostprocessing = 0;
		};
		FA1E4B7928C8143D009D195A /* Frameworks */ = {
			isa = PBXFrameworksBuildPhase;
			buildActionMask = 2147483647;
			files = (
				FAFCBB4828D2D55200128B79 /* CloudKit.framework in Frameworks */,
				FAAC0D3328D831090028E419 /* Application in Frameworks */,
			);
			runOnlyForDeploymentPostprocessing = 0;
		};
		FA1E4B8028C8143D009D195A /* Frameworks */ = {
			isa = PBXFrameworksBuildPhase;
			buildActionMask = 2147483647;
			files = (
			);
			runOnlyForDeploymentPostprocessing = 0;
		};
		FA1E4B8C28C8143D009D195A /* Frameworks */ = {
			isa = PBXFrameworksBuildPhase;
			buildActionMask = 2147483647;
			files = (
			);
			runOnlyForDeploymentPostprocessing = 0;
		};
/* End PBXFrameworksBuildPhase section */

/* Begin PBXGroup section */
		FA0039E128D81B1200913385 /* Tests */ = {
			isa = PBXGroup;
			children = (
				FA1E4B9228C8143D009D195A /* Tests macOS */,
				FA1E4B8628C8143D009D195A /* Tests iOS */,
			);
			path = Tests;
			sourceTree = "<group>";
		};
		FA1E4B6628C8143B009D195A = {
			isa = PBXGroup;
			children = (
				FAAC0D2F28D830140028E419 /* Application */,
				FAAC0D2E28D82E450028E419 /* Domain */,
				FAAC0D2D28D82E3D0028E419 /* UseCases */,
				FAAC0D2C28D82D6C0028E419 /* CoreDataPlugin */,
				FA28861328D1025D00A24F7B /* IssueTrackingSystem (macOS)Release.entitlements */,
				FA686D8028D0BFA4001972A0 /* IssueTrackingSystem (iOS).entitlements */,
				FA28861228D1025100A24F7B /* IssueTrackingSystem (iOS)Release.entitlements */,
				FA0039E128D81B1200913385 /* Tests */,
				FAE4D9AF28D03AB2003F0004 /* iOS */,
				FA1E4B6B28C8143B009D195A /* Shared */,
				FA1E4B7D28C8143D009D195A /* macOS */,
				FA28860F28D0D99300A24F7B /* Frameworks */,
				FAA74AA728D7F37C00EF5F3E /* IssueTrackingSystem.app */,
				FAA74AA828D7F37C00EF5F3E /* IssueTrackingSystem.app */,
				FAA74AA928D7F37C00EF5F3E /* Tests iOS.xctest */,
				FAA74AAA28D7F37C00EF5F3E /* Tests macOS.xctest */,
			);
			sourceTree = "<group>";
		};
		FA1E4B6B28C8143B009D195A /* Shared */ = {
			isa = PBXGroup;
			children = (
				FA1E4B6E28C8143B009D195A /* IssueTrackingSystemApp.swift */,
				FA1E4B7128C8143D009D195A /* Assets.xcassets */,
			);
			path = Shared;
			sourceTree = "<group>";
		};
		FA1E4B7D28C8143D009D195A /* macOS */ = {
			isa = PBXGroup;
			children = (
				FA0039E628D8209400913385 /* macOS.entitlements */,
			);
			path = macOS;
			sourceTree = "<group>";
		};
		FA1E4B8628C8143D009D195A /* Tests iOS */ = {
			isa = PBXGroup;
			children = (
				FA1E4B8728C8143D009D195A /* Tests_iOS.swift */,
				FA1E4B8928C8143D009D195A /* Tests_iOSLaunchTests.swift */,
			);
			path = "Tests iOS";
			sourceTree = "<group>";
		};
		FA1E4B9228C8143D009D195A /* Tests macOS */ = {
			isa = PBXGroup;
			children = (
				FA1E4B9328C8143D009D195A /* Tests_macOS.swift */,
				FA1E4B9528C8143D009D195A /* Tests_macOSLaunchTests.swift */,
			);
			path = "Tests macOS";
			sourceTree = "<group>";
		};
		FA28860F28D0D99300A24F7B /* Frameworks */ = {
			isa = PBXGroup;
			children = (
				FAFCBB4728D2D55200128B79 /* CloudKit.framework */,
			);
			name = Frameworks;
			sourceTree = "<group>";
		};
		FAE4D9AF28D03AB2003F0004 /* iOS */ = {
			isa = PBXGroup;
			children = (
				FA686D8128D0C042001972A0 /* IssueTrackingSystem--iOS--Info.plist */,
			);
			path = iOS;
			sourceTree = "<group>";
		};
/* End PBXGroup section */

/* Begin PBXNativeTarget section */
		FA1E4B7528C8143D009D195A /* IssueTrackingSystem (iOS) */ = {
			isa = PBXNativeTarget;
			buildConfigurationList = FA1E4BA328C8143D009D195A /* Build configuration list for PBXNativeTarget "IssueTrackingSystem (iOS)" */;
			buildPhases = (
				FA1E4B7228C8143D009D195A /* Sources */,
				FA1E4B7328C8143D009D195A /* Frameworks */,
				FA1E4B7428C8143D009D195A /* Resources */,
			);
			buildRules = (
			);
			dependencies = (
			);
			name = "IssueTrackingSystem (iOS)";
			packageProductDependencies = (
				FAAC0D3028D830F40028E419 /* Application */,
			);
			productName = "IssueTrackingSystem (iOS)";
			productReference = FAA74AA728D7F37C00EF5F3E /* IssueTrackingSystem.app */;
			productType = "com.apple.product-type.application";
		};
		FA1E4B7B28C8143D009D195A /* IssueTrackingSystem (macOS) */ = {
			isa = PBXNativeTarget;
			buildConfigurationList = FA1E4BA628C8143D009D195A /* Build configuration list for PBXNativeTarget "IssueTrackingSystem (macOS)" */;
			buildPhases = (
				FA1E4B7828C8143D009D195A /* Sources */,
				FA1E4B7928C8143D009D195A /* Frameworks */,
				FA1E4B7A28C8143D009D195A /* Resources */,
			);
			buildRules = (
			);
			dependencies = (
			);
			name = "IssueTrackingSystem (macOS)";
			packageProductDependencies = (
				FAAC0D3228D831090028E419 /* Application */,
			);
			productName = "IssueTrackingSystem (macOS)";
			productReference = FAA74AA828D7F37C00EF5F3E /* IssueTrackingSystem.app */;
			productType = "com.apple.product-type.application";
		};
		FA1E4B8228C8143D009D195A /* Tests iOS */ = {
			isa = PBXNativeTarget;
			buildConfigurationList = FA1E4BA928C8143D009D195A /* Build configuration list for PBXNativeTarget "Tests iOS" */;
			buildPhases = (
				FA1E4B7F28C8143D009D195A /* Sources */,
				FA1E4B8028C8143D009D195A /* Frameworks */,
				FA1E4B8128C8143D009D195A /* Resources */,
			);
			buildRules = (
			);
			dependencies = (
				FA1E4B8528C8143D009D195A /* PBXTargetDependency */,
			);
			name = "Tests iOS";
			packageProductDependencies = (
			);
			productName = "Tests iOS";
			productReference = FAA74AA928D7F37C00EF5F3E /* Tests iOS.xctest */;
			productType = "com.apple.product-type.bundle.ui-testing";
		};
		FA1E4B8E28C8143D009D195A /* Tests macOS */ = {
			isa = PBXNativeTarget;
			buildConfigurationList = FA1E4BAC28C8143D009D195A /* Build configuration list for PBXNativeTarget "Tests macOS" */;
			buildPhases = (
				FA1E4B8B28C8143D009D195A /* Sources */,
				FA1E4B8C28C8143D009D195A /* Frameworks */,
				FA1E4B8D28C8143D009D195A /* Resources */,
			);
			buildRules = (
			);
			dependencies = (
				FA1E4B9128C8143D009D195A /* PBXTargetDependency */,
			);
			name = "Tests macOS";
			packageProductDependencies = (
			);
			productName = "Tests macOS";
			productReference = FAA74AAA28D7F37C00EF5F3E /* Tests macOS.xctest */;
			productType = "com.apple.product-type.bundle.ui-testing";
		};
/* End PBXNativeTarget section */

/* Begin PBXProject section */
		FA1E4B6728C8143B009D195A /* Project object */ = {
			isa = PBXProject;
			attributes = {
				BuildIndependentTargetsInParallel = 1;
				LastSwiftUpdateCheck = 1340;
				LastUpgradeCheck = 1400;
				TargetAttributes = {
					FA1E4B7528C8143D009D195A = {
						CreatedOnToolsVersion = 13.4.1;
					};
					FA1E4B7B28C8143D009D195A = {
						CreatedOnToolsVersion = 13.4.1;
					};
					FA1E4B8228C8143D009D195A = {
						CreatedOnToolsVersion = 13.4.1;
						TestTargetID = FA1E4B7528C8143D009D195A;
					};
					FA1E4B8E28C8143D009D195A = {
						CreatedOnToolsVersion = 13.4.1;
						TestTargetID = FA1E4B7B28C8143D009D195A;
					};
				};
			};
			buildConfigurationList = FA1E4B6A28C8143B009D195A /* Build configuration list for PBXProject "IssueTrackingSystem" */;
			compatibilityVersion = "Xcode 13.0";
			developmentRegion = en;
			hasScannedForEncodings = 0;
			knownRegions = (
				en,
				Base,
			);
			mainGroup = FA1E4B6628C8143B009D195A;
			productRefGroup = FA1E4B6628C8143B009D195A;
			projectDirPath = "";
			projectRoot = "";
			targets = (
				FA1E4B7528C8143D009D195A /* IssueTrackingSystem (iOS) */,
				FA1E4B7B28C8143D009D195A /* IssueTrackingSystem (macOS) */,
				FA1E4B8228C8143D009D195A /* Tests iOS */,
				FA1E4B8E28C8143D009D195A /* Tests macOS */,
			);
		};
/* End PBXProject section */

/* Begin PBXResourcesBuildPhase section */
		FA1E4B7428C8143D009D195A /* Resources */ = {
			isa = PBXResourcesBuildPhase;
			buildActionMask = 2147483647;
			files = (
				FA1E4B9F28C8143D009D195A /* Assets.xcassets in Resources */,
			);
			runOnlyForDeploymentPostprocessing = 0;
		};
		FA1E4B7A28C8143D009D195A /* Resources */ = {
			isa = PBXResourcesBuildPhase;
			buildActionMask = 2147483647;
			files = (
				FA1E4BA028C8143D009D195A /* Assets.xcassets in Resources */,
			);
			runOnlyForDeploymentPostprocessing = 0;
		};
		FA1E4B8128C8143D009D195A /* Resources */ = {
			isa = PBXResourcesBuildPhase;
			buildActionMask = 2147483647;
			files = (
			);
			runOnlyForDeploymentPostprocessing = 0;
		};
		FA1E4B8D28C8143D009D195A /* Resources */ = {
			isa = PBXResourcesBuildPhase;
			buildActionMask = 2147483647;
			files = (
			);
			runOnlyForDeploymentPostprocessing = 0;
		};
/* End PBXResourcesBuildPhase section */

/* Begin PBXSourcesBuildPhase section */
		FA1E4B7228C8143D009D195A /* Sources */ = {
			isa = PBXSourcesBuildPhase;
			buildActionMask = 2147483647;
			files = (
				FAABDCB428CD30F60014DCFB /* IssueTrackingSystemApp.swift in Sources */,
			);
			runOnlyForDeploymentPostprocessing = 0;
		};
		FA1E4B7828C8143D009D195A /* Sources */ = {
			isa = PBXSourcesBuildPhase;
			buildActionMask = 2147483647;
			files = (
				FA1E4B9A28C8143D009D195A /* IssueTrackingSystemApp.swift in Sources */,
			);
			runOnlyForDeploymentPostprocessing = 0;
		};
		FA1E4B7F28C8143D009D195A /* Sources */ = {
			isa = PBXSourcesBuildPhase;
			buildActionMask = 2147483647;
			files = (
			);
			runOnlyForDeploymentPostprocessing = 0;
		};
		FA1E4B8B28C8143D009D195A /* Sources */ = {
			isa = PBXSourcesBuildPhase;
			buildActionMask = 2147483647;
			files = (
			);
			runOnlyForDeploymentPostprocessing = 0;
		};
/* End PBXSourcesBuildPhase section */

/* Begin PBXTargetDependency section */
		FA1E4B8528C8143D009D195A /* PBXTargetDependency */ = {
			isa = PBXTargetDependency;
			target = FA1E4B7528C8143D009D195A /* IssueTrackingSystem (iOS) */;
			targetProxy = FA1E4B8428C8143D009D195A /* PBXContainerItemProxy */;
		};
		FA1E4B9128C8143D009D195A /* PBXTargetDependency */ = {
			isa = PBXTargetDependency;
			target = FA1E4B7B28C8143D009D195A /* IssueTrackingSystem (macOS) */;
			targetProxy = FA1E4B9028C8143D009D195A /* PBXContainerItemProxy */;
		};
/* End PBXTargetDependency section */

/* Begin XCBuildConfiguration section */
		FA1E4BA128C8143D009D195A /* Debug */ = {
			isa = XCBuildConfiguration;
			buildSettings = {
				ALWAYS_SEARCH_USER_PATHS = NO;
				CLANG_ANALYZER_NONNULL = YES;
				CLANG_ANALYZER_NUMBER_OBJECT_CONVERSION = YES_AGGRESSIVE;
				CLANG_CXX_LANGUAGE_STANDARD = "gnu++17";
				CLANG_ENABLE_MODULES = YES;
				CLANG_ENABLE_OBJC_ARC = YES;
				CLANG_ENABLE_OBJC_WEAK = YES;
				CLANG_WARN_BLOCK_CAPTURE_AUTORELEASING = YES;
				CLANG_WARN_BOOL_CONVERSION = YES;
				CLANG_WARN_COMMA = YES;
				CLANG_WARN_CONSTANT_CONVERSION = YES;
				CLANG_WARN_DEPRECATED_OBJC_IMPLEMENTATIONS = YES;
				CLANG_WARN_DIRECT_OBJC_ISA_USAGE = YES_ERROR;
				CLANG_WARN_DOCUMENTATION_COMMENTS = YES;
				CLANG_WARN_EMPTY_BODY = YES;
				CLANG_WARN_ENUM_CONVERSION = YES;
				CLANG_WARN_INFINITE_RECURSION = YES;
				CLANG_WARN_INT_CONVERSION = YES;
				CLANG_WARN_NON_LITERAL_NULL_CONVERSION = YES;
				CLANG_WARN_OBJC_IMPLICIT_RETAIN_SELF = YES;
				CLANG_WARN_OBJC_LITERAL_CONVERSION = YES;
				CLANG_WARN_OBJC_ROOT_CLASS = YES_ERROR;
				CLANG_WARN_QUOTED_INCLUDE_IN_FRAMEWORK_HEADER = YES;
				CLANG_WARN_RANGE_LOOP_ANALYSIS = YES;
				CLANG_WARN_STRICT_PROTOTYPES = YES;
				CLANG_WARN_SUSPICIOUS_MOVE = YES;
				CLANG_WARN_UNGUARDED_AVAILABILITY = YES_AGGRESSIVE;
				CLANG_WARN_UNREACHABLE_CODE = YES;
				CLANG_WARN__DUPLICATE_METHOD_MATCH = YES;
				COPY_PHASE_STRIP = NO;
				DEAD_CODE_STRIPPING = YES;
				DEBUG_INFORMATION_FORMAT = dwarf;
				ENABLE_STRICT_OBJC_MSGSEND = YES;
				ENABLE_TESTABILITY = YES;
				ENABLE_USER_SELECTED_FILES = readwrite;
				GCC_C_LANGUAGE_STANDARD = gnu11;
				GCC_DYNAMIC_NO_PIC = NO;
				GCC_NO_COMMON_BLOCKS = YES;
				GCC_OPTIMIZATION_LEVEL = 0;
				GCC_PREPROCESSOR_DEFINITIONS = (
					"DEBUG=1",
					"$(inherited)",
				);
				GCC_WARN_64_TO_32_BIT_CONVERSION = YES;
				GCC_WARN_ABOUT_RETURN_TYPE = YES_ERROR;
				GCC_WARN_UNDECLARED_SELECTOR = YES;
				GCC_WARN_UNINITIALIZED_AUTOS = YES_AGGRESSIVE;
				GCC_WARN_UNUSED_FUNCTION = YES;
				GCC_WARN_UNUSED_VARIABLE = YES;
				MACOSX_DEPLOYMENT_TARGET = 13.;
				MTL_ENABLE_DEBUG_INFO = INCLUDE_SOURCE;
				MTL_FAST_MATH = YES;
				ONLY_ACTIVE_ARCH = YES;
				SWIFT_ACTIVE_COMPILATION_CONDITIONS = DEBUG;
				SWIFT_OPTIMIZATION_LEVEL = "-Onone";
			};
			name = Debug;
		};
		FA1E4BA228C8143D009D195A /* Release */ = {
			isa = XCBuildConfiguration;
			buildSettings = {
				ALWAYS_SEARCH_USER_PATHS = NO;
				CLANG_ANALYZER_NONNULL = YES;
				CLANG_ANALYZER_NUMBER_OBJECT_CONVERSION = YES_AGGRESSIVE;
				CLANG_CXX_LANGUAGE_STANDARD = "gnu++17";
				CLANG_ENABLE_MODULES = YES;
				CLANG_ENABLE_OBJC_ARC = YES;
				CLANG_ENABLE_OBJC_WEAK = YES;
				CLANG_WARN_BLOCK_CAPTURE_AUTORELEASING = YES;
				CLANG_WARN_BOOL_CONVERSION = YES;
				CLANG_WARN_COMMA = YES;
				CLANG_WARN_CONSTANT_CONVERSION = YES;
				CLANG_WARN_DEPRECATED_OBJC_IMPLEMENTATIONS = YES;
				CLANG_WARN_DIRECT_OBJC_ISA_USAGE = YES_ERROR;
				CLANG_WARN_DOCUMENTATION_COMMENTS = YES;
				CLANG_WARN_EMPTY_BODY = YES;
				CLANG_WARN_ENUM_CONVERSION = YES;
				CLANG_WARN_INFINITE_RECURSION = YES;
				CLANG_WARN_INT_CONVERSION = YES;
				CLANG_WARN_NON_LITERAL_NULL_CONVERSION = YES;
				CLANG_WARN_OBJC_IMPLICIT_RETAIN_SELF = YES;
				CLANG_WARN_OBJC_LITERAL_CONVERSION = YES;
				CLANG_WARN_OBJC_ROOT_CLASS = YES_ERROR;
				CLANG_WARN_QUOTED_INCLUDE_IN_FRAMEWORK_HEADER = YES;
				CLANG_WARN_RANGE_LOOP_ANALYSIS = YES;
				CLANG_WARN_STRICT_PROTOTYPES = YES;
				CLANG_WARN_SUSPICIOUS_MOVE = YES;
				CLANG_WARN_UNGUARDED_AVAILABILITY = YES_AGGRESSIVE;
				CLANG_WARN_UNREACHABLE_CODE = YES;
				CLANG_WARN__DUPLICATE_METHOD_MATCH = YES;
				COPY_PHASE_STRIP = NO;
				DEAD_CODE_STRIPPING = YES;
				DEBUG_INFORMATION_FORMAT = "dwarf-with-dsym";
				ENABLE_NS_ASSERTIONS = NO;
				ENABLE_STRICT_OBJC_MSGSEND = YES;
				ENABLE_USER_SELECTED_FILES = readwrite;
				GCC_C_LANGUAGE_STANDARD = gnu11;
				GCC_NO_COMMON_BLOCKS = YES;
				GCC_WARN_64_TO_32_BIT_CONVERSION = YES;
				GCC_WARN_ABOUT_RETURN_TYPE = YES_ERROR;
				GCC_WARN_UNDECLARED_SELECTOR = YES;
				GCC_WARN_UNINITIALIZED_AUTOS = YES_AGGRESSIVE;
				GCC_WARN_UNUSED_FUNCTION = YES;
				GCC_WARN_UNUSED_VARIABLE = YES;
				MACOSX_DEPLOYMENT_TARGET = 13.;
				MTL_ENABLE_DEBUG_INFO = NO;
				MTL_FAST_MATH = YES;
				SWIFT_COMPILATION_MODE = wholemodule;
				SWIFT_OPTIMIZATION_LEVEL = "-O";
			};
			name = Release;
		};
		FA1E4BA428C8143D009D195A /* Debug */ = {
			isa = XCBuildConfiguration;
			buildSettings = {
				ASSETCATALOG_COMPILER_APPICON_NAME = AppIcon;
				ASSETCATALOG_COMPILER_GLOBAL_ACCENT_COLOR_NAME = AccentColor;
				CODE_SIGN_ENTITLEMENTS = "IssueTrackingSystem (iOS).entitlements";
				CODE_SIGN_STYLE = Automatic;
				CURRENT_PROJECT_VERSION = 1;
				DEVELOPMENT_TEAM = F6YKB36Y9U;
				ENABLE_PREVIEWS = YES;
				GENERATE_INFOPLIST_FILE = YES;
				INFOPLIST_FILE = "IssueTrackingSystem--iOS--Info.plist";
				INFOPLIST_KEY_UIApplicationSceneManifest_Generation = YES;
				INFOPLIST_KEY_UIApplicationSupportsIndirectInputEvents = YES;
				INFOPLIST_KEY_UILaunchScreen_Generation = YES;
				INFOPLIST_KEY_UISupportedInterfaceOrientations_iPad = "UIInterfaceOrientationPortrait UIInterfaceOrientationPortraitUpsideDown UIInterfaceOrientationLandscapeLeft UIInterfaceOrientationLandscapeRight";
				INFOPLIST_KEY_UISupportedInterfaceOrientations_iPhone = "UIInterfaceOrientationPortrait UIInterfaceOrientationLandscapeLeft UIInterfaceOrientationLandscapeRight";
				IPHONEOS_DEPLOYMENT_TARGET = 16.0;
				LD_RUNPATH_SEARCH_PATHS = (
					"$(inherited)",
					"@executable_path/Frameworks",
				);
				MARKETING_VERSION = 1.0;
				PRODUCT_BUNDLE_IDENTIFIER = com.paullo.IssueTrackingSystem.new;
				PRODUCT_NAME = IssueTrackingSystem;
				SDKROOT = iphoneos;
				SWIFT_EMIT_LOC_STRINGS = YES;
				SWIFT_VERSION = 5.0;
				TARGETED_DEVICE_FAMILY = "1,2";
			};
			name = Debug;
		};
		FA1E4BA528C8143D009D195A /* Release */ = {
			isa = XCBuildConfiguration;
			buildSettings = {
				ASSETCATALOG_COMPILER_APPICON_NAME = AppIcon;
				ASSETCATALOG_COMPILER_GLOBAL_ACCENT_COLOR_NAME = AccentColor;
				CODE_SIGN_ENTITLEMENTS = "IssueTrackingSystem (iOS)Release.entitlements";
				CODE_SIGN_STYLE = Automatic;
				CURRENT_PROJECT_VERSION = 1;
				DEVELOPMENT_TEAM = F6YKB36Y9U;
				ENABLE_PREVIEWS = YES;
				GENERATE_INFOPLIST_FILE = YES;
				INFOPLIST_FILE = "IssueTrackingSystem--iOS--Info.plist";
				INFOPLIST_KEY_UIApplicationSceneManifest_Generation = YES;
				INFOPLIST_KEY_UIApplicationSupportsIndirectInputEvents = YES;
				INFOPLIST_KEY_UILaunchScreen_Generation = YES;
				INFOPLIST_KEY_UISupportedInterfaceOrientations_iPad = "UIInterfaceOrientationPortrait UIInterfaceOrientationPortraitUpsideDown UIInterfaceOrientationLandscapeLeft UIInterfaceOrientationLandscapeRight";
				INFOPLIST_KEY_UISupportedInterfaceOrientations_iPhone = "UIInterfaceOrientationPortrait UIInterfaceOrientationLandscapeLeft UIInterfaceOrientationLandscapeRight";
				IPHONEOS_DEPLOYMENT_TARGET = 16.0;
				LD_RUNPATH_SEARCH_PATHS = (
					"$(inherited)",
					"@executable_path/Frameworks",
				);
				MARKETING_VERSION = 1.0;
				PRODUCT_BUNDLE_IDENTIFIER = com.paullo.IssueTrackingSystem.new;
				PRODUCT_NAME = IssueTrackingSystem;
				SDKROOT = iphoneos;
				SWIFT_EMIT_LOC_STRINGS = YES;
				SWIFT_VERSION = 5.0;
				TARGETED_DEVICE_FAMILY = "1,2";
				VALIDATE_PRODUCT = YES;
			};
			name = Release;
		};
		FA1E4BA728C8143D009D195A /* Debug */ = {
			isa = XCBuildConfiguration;
			buildSettings = {
				ASSETCATALOG_COMPILER_APPICON_NAME = AppIcon;
				ASSETCATALOG_COMPILER_GLOBAL_ACCENT_COLOR_NAME = AccentColor;
				CODE_SIGN_ENTITLEMENTS = macOS/macOS.entitlements;
				CODE_SIGN_IDENTITY = "-";
				"CODE_SIGN_IDENTITY[sdk=macosx*]" = "Apple Development";
				CODE_SIGN_STYLE = Automatic;
				COMBINE_HIDPI_IMAGES = YES;
				CURRENT_PROJECT_VERSION = 1;
				DEAD_CODE_STRIPPING = YES;
				DEVELOPMENT_TEAM = F6YKB36Y9U;
				ENABLE_HARDENED_RUNTIME = NO;
				ENABLE_PREVIEWS = YES;
				GENERATE_INFOPLIST_FILE = YES;
				INFOPLIST_KEY_NSHumanReadableCopyright = "";
				LD_RUNPATH_SEARCH_PATHS = (
					"$(inherited)",
					"@executable_path/../Frameworks",
				);
				MACOSX_DEPLOYMENT_TARGET = 13.0;
				MARKETING_VERSION = 1.0;
				PRODUCT_BUNDLE_IDENTIFIER = com.paullo.IssueTrackingSystem.new;
				PRODUCT_NAME = IssueTrackingSystem;
				SDKROOT = macosx;
				SWIFT_EMIT_LOC_STRINGS = YES;
				SWIFT_VERSION = 5.0;
			};
			name = Debug;
		};
		FA1E4BA828C8143D009D195A /* Release */ = {
			isa = XCBuildConfiguration;
			buildSettings = {
				ASSETCATALOG_COMPILER_APPICON_NAME = AppIcon;
				ASSETCATALOG_COMPILER_GLOBAL_ACCENT_COLOR_NAME = AccentColor;
				CODE_SIGN_ENTITLEMENTS = "IssueTrackingSystem (macOS)Release.entitlements";
				CODE_SIGN_IDENTITY = "-";
				"CODE_SIGN_IDENTITY[sdk=macosx*]" = "Apple Development";
				CODE_SIGN_STYLE = Automatic;
				COMBINE_HIDPI_IMAGES = YES;
				CURRENT_PROJECT_VERSION = 1;
				DEAD_CODE_STRIPPING = YES;
				DEVELOPMENT_TEAM = F6YKB36Y9U;
				ENABLE_HARDENED_RUNTIME = NO;
				ENABLE_PREVIEWS = YES;
				GENERATE_INFOPLIST_FILE = YES;
				INFOPLIST_KEY_NSHumanReadableCopyright = "";
				LD_RUNPATH_SEARCH_PATHS = (
					"$(inherited)",
					"@executable_path/../Frameworks",
				);
				MACOSX_DEPLOYMENT_TARGET = 13.0;
				MARKETING_VERSION = 1.0;
				PRODUCT_BUNDLE_IDENTIFIER = com.paullo.IssueTrackingSystem.new;
				PRODUCT_NAME = IssueTrackingSystem;
				SDKROOT = macosx;
				SWIFT_EMIT_LOC_STRINGS = YES;
				SWIFT_VERSION = 5.0;
			};
			name = Release;
		};
		FA1E4BAA28C8143D009D195A /* Debug */ = {
			isa = XCBuildConfiguration;
			buildSettings = {
				ALWAYS_EMBED_SWIFT_STANDARD_LIBRARIES = YES;
				CODE_SIGN_STYLE = Automatic;
				CURRENT_PROJECT_VERSION = 1;
				DEVELOPMENT_TEAM = F6YKB36Y9U;
				GENERATE_INFOPLIST_FILE = YES;
				IPHONEOS_DEPLOYMENT_TARGET = 15.5;
				MARKETING_VERSION = 1.0;
				PRODUCT_BUNDLE_IDENTIFIER = "com.paullo.IssueTrackingSystem.new.Tests-iOS";
				PRODUCT_NAME = "$(TARGET_NAME)";
				SDKROOT = iphoneos;
				SWIFT_EMIT_LOC_STRINGS = NO;
				SWIFT_VERSION = 5.0;
				TARGETED_DEVICE_FAMILY = "1,2";
				TEST_TARGET_NAME = "IssueTrackingSystem (iOS)";
			};
			name = Debug;
		};
		FA1E4BAB28C8143D009D195A /* Release */ = {
			isa = XCBuildConfiguration;
			buildSettings = {
				ALWAYS_EMBED_SWIFT_STANDARD_LIBRARIES = YES;
				CODE_SIGN_STYLE = Automatic;
				CURRENT_PROJECT_VERSION = 1;
				DEVELOPMENT_TEAM = F6YKB36Y9U;
				GENERATE_INFOPLIST_FILE = YES;
				IPHONEOS_DEPLOYMENT_TARGET = 15.5;
				MARKETING_VERSION = 1.0;
				PRODUCT_BUNDLE_IDENTIFIER = "com.paullo.IssueTrackingSystem.new.Tests-iOS";
				PRODUCT_NAME = "$(TARGET_NAME)";
				SDKROOT = iphoneos;
				SWIFT_EMIT_LOC_STRINGS = NO;
				SWIFT_VERSION = 5.0;
				TARGETED_DEVICE_FAMILY = "1,2";
				TEST_TARGET_NAME = "IssueTrackingSystem (iOS)";
				VALIDATE_PRODUCT = YES;
			};
			name = Release;
		};
		FA1E4BAD28C8143D009D195A /* Debug */ = {
			isa = XCBuildConfiguration;
			buildSettings = {
				ALWAYS_EMBED_SWIFT_STANDARD_LIBRARIES = YES;
				CODE_SIGN_STYLE = Automatic;
				CURRENT_PROJECT_VERSION = 1;
				DEAD_CODE_STRIPPING = YES;
				DEVELOPMENT_TEAM = F6YKB36Y9U;
				GENERATE_INFOPLIST_FILE = YES;
				MACOSX_DEPLOYMENT_TARGET = 12.3;
				MARKETING_VERSION = 1.0;
				PRODUCT_BUNDLE_IDENTIFIER = "com.paullo.IssueTrackingSystem.new.Tests-macOS";
				PRODUCT_NAME = "$(TARGET_NAME)";
				SDKROOT = macosx;
				SWIFT_EMIT_LOC_STRINGS = NO;
				SWIFT_VERSION = 5.0;
				TEST_TARGET_NAME = "IssueTrackingSystem (macOS)";
			};
			name = Debug;
		};
		FA1E4BAE28C8143D009D195A /* Release */ = {
			isa = XCBuildConfiguration;
			buildSettings = {
				ALWAYS_EMBED_SWIFT_STANDARD_LIBRARIES = YES;
				CODE_SIGN_STYLE = Automatic;
				CURRENT_PROJECT_VERSION = 1;
				DEAD_CODE_STRIPPING = YES;
				DEVELOPMENT_TEAM = F6YKB36Y9U;
				GENERATE_INFOPLIST_FILE = YES;
				MACOSX_DEPLOYMENT_TARGET = 12.3;
				MARKETING_VERSION = 1.0;
				PRODUCT_BUNDLE_IDENTIFIER = "com.paullo.IssueTrackingSystem.new.Tests-macOS";
				PRODUCT_NAME = "$(TARGET_NAME)";
				SDKROOT = macosx;
				SWIFT_EMIT_LOC_STRINGS = NO;
				SWIFT_VERSION = 5.0;
				TEST_TARGET_NAME = "IssueTrackingSystem (macOS)";
			};
			name = Release;
		};
/* End XCBuildConfiguration section */

/* Begin XCConfigurationList section */
		FA1E4B6A28C8143B009D195A /* Build configuration list for PBXProject "IssueTrackingSystem" */ = {
			isa = XCConfigurationList;
			buildConfigurations = (
				FA1E4BA128C8143D009D195A /* Debug */,
				FA1E4BA228C8143D009D195A /* Release */,
			);
			defaultConfigurationIsVisible = 0;
			defaultConfigurationName = Debug;
		};
		FA1E4BA328C8143D009D195A /* Build configuration list for PBXNativeTarget "IssueTrackingSystem (iOS)" */ = {
			isa = XCConfigurationList;
			buildConfigurations = (
				FA1E4BA428C8143D009D195A /* Debug */,
				FA1E4BA528C8143D009D195A /* Release */,
			);
			defaultConfigurationIsVisible = 0;
			defaultConfigurationName = Debug;
		};
		FA1E4BA628C8143D009D195A /* Build configuration list for PBXNativeTarget "IssueTrackingSystem (macOS)" */ = {
			isa = XCConfigurationList;
			buildConfigurations = (
				FA1E4BA728C8143D009D195A /* Debug */,
				FA1E4BA828C8143D009D195A /* Release */,
			);
			defaultConfigurationIsVisible = 0;
			defaultConfigurationName = Debug;
		};
		FA1E4BA928C8143D009D195A /* Build configuration list for PBXNativeTarget "Tests iOS" */ = {
			isa = XCConfigurationList;
			buildConfigurations = (
				FA1E4BAA28C8143D009D195A /* Debug */,
				FA1E4BAB28C8143D009D195A /* Release */,
			);
			defaultConfigurationIsVisible = 0;
			defaultConfigurationName = Debug;
		};
		FA1E4BAC28C8143D009D195A /* Build configuration list for PBXNativeTarget "Tests macOS" */ = {
			isa = XCConfigurationList;
			buildConfigurations = (
				FA1E4BAD28C8143D009D195A /* Debug */,
				FA1E4BAE28C8143D009D195A /* Release */,
			);
			defaultConfigurationIsVisible = 0;
			defaultConfigurationName = Debug;
		};
/* End XCConfigurationList section */

/* Begin XCSwiftPackageProductDependency section */
		FAAC0D3028D830F40028E419 /* Application */ = {
			isa = XCSwiftPackageProductDependency;
			productName = Application;
		};
		FAAC0D3228D831090028E419 /* Application */ = {
			isa = XCSwiftPackageProductDependency;
			productName = Application;
		};
/* End XCSwiftPackageProductDependency section */
	};
	rootObject = FA1E4B6728C8143B009D195A /* Project object */;
}
