// !$*UTF8*$!
{
	archiveVersion = 1;
	classes = {
	};
	objectVersion = 55;
	objects = {

/* Begin PBXBuildFile section */
		FA0039DF28D81A2400913385 /* DynamicStack.swift in Sources */ = {isa = PBXBuildFile; fileRef = FA0039DE28D81A2400913385 /* DynamicStack.swift */; };
		FA0039E028D81A2400913385 /* DynamicStack.swift in Sources */ = {isa = PBXBuildFile; fileRef = FA0039DE28D81A2400913385 /* DynamicStack.swift */; };
		FA1E4B9A28C8143D009D195A /* IssueTrackingSystemApp.swift in Sources */ = {isa = PBXBuildFile; fileRef = FA1E4B6E28C8143B009D195A /* IssueTrackingSystemApp.swift */; };
		FA1E4B9C28C8143D009D195A /* LandingPageView.swift in Sources */ = {isa = PBXBuildFile; fileRef = FA1E4B6F28C8143B009D195A /* LandingPageView.swift */; };
		FA1E4B9F28C8143D009D195A /* Assets.xcassets in Resources */ = {isa = PBXBuildFile; fileRef = FA1E4B7128C8143D009D195A /* Assets.xcassets */; };
		FA1E4BA028C8143D009D195A /* Assets.xcassets in Resources */ = {isa = PBXBuildFile; fileRef = FA1E4B7128C8143D009D195A /* Assets.xcassets */; };
		FA2C2F4F28C8B9EF0006495E /* ProjectsTableView.swift in Sources */ = {isa = PBXBuildFile; fileRef = FA2C2F4D28C8B9E70006495E /* ProjectsTableView.swift */; };
		FA2C2F6128C9304E0006495E /* ProjectItemView.swift in Sources */ = {isa = PBXBuildFile; fileRef = FA2C2F6028C9304E0006495E /* ProjectItemView.swift */; };
		FA2C2F6328C932250006495E /* IssuesListView.swift in Sources */ = {isa = PBXBuildFile; fileRef = FA2C2F6228C932250006495E /* IssuesListView.swift */; };
		FA2C2F6528C9340D0006495E /* IssueListViewModel.swift in Sources */ = {isa = PBXBuildFile; fileRef = FA2C2F6428C9340D0006495E /* IssueListViewModel.swift */; };
		FA2C2F6728C934380006495E /* IssueItemView.swift in Sources */ = {isa = PBXBuildFile; fileRef = FA2C2F6628C934380006495E /* IssueItemView.swift */; };
		FA74DCBC28CCB67500731EAF /* CreateProjectViewModel.swift in Sources */ = {isa = PBXBuildFile; fileRef = FA74DCBB28CCB67500731EAF /* CreateProjectViewModel.swift */; };
		FA74DCBE28CCB91A00731EAF /* ProjectTableViewModel.swift in Sources */ = {isa = PBXBuildFile; fileRef = FA74DCBD28CCB91A00731EAF /* ProjectTableViewModel.swift */; };
		FA74DCC028CCBB3600731EAF /* DeleteProjectViewModel.swift in Sources */ = {isa = PBXBuildFile; fileRef = FA74DCBF28CCBB3600731EAF /* DeleteProjectViewModel.swift */; };
		FA74DCC228CCBC3300731EAF /* EditProjectViewModel.swift in Sources */ = {isa = PBXBuildFile; fileRef = FA74DCC128CCBC3300731EAF /* EditProjectViewModel.swift */; };
		FA74DCC428CCBD4A00731EAF /* HeaderToolbar.swift in Sources */ = {isa = PBXBuildFile; fileRef = FA74DCC328CCBD4A00731EAF /* HeaderToolbar.swift */; };
		FA74DCC628CCC07A00731EAF /* ProjectsLandingPageViewModel.swift in Sources */ = {isa = PBXBuildFile; fileRef = FA74DCC528CCC07A00731EAF /* ProjectsLandingPageViewModel.swift */; };
		FA74DCC828CCC0DD00731EAF /* LandingPageViewModel.swift in Sources */ = {isa = PBXBuildFile; fileRef = FA74DCC728CCC0DD00731EAF /* LandingPageViewModel.swift */; };
		FA74DCCA28CCC14700731EAF /* ProfileSettingsView.swift in Sources */ = {isa = PBXBuildFile; fileRef = FA74DCC928CCC14700731EAF /* ProfileSettingsView.swift */; };
		FA74DCCC28CCD8EC00731EAF /* FirstLaunchView.swift in Sources */ = {isa = PBXBuildFile; fileRef = FA74DCCB28CCD8EC00731EAF /* FirstLaunchView.swift */; };
		FA84514E28CA8F8900FDCDCB /* CreateProjectView.swift in Sources */ = {isa = PBXBuildFile; fileRef = FA84514D28CA8F8900FDCDCB /* CreateProjectView.swift */; };
		FA84515028CA90E200FDCDCB /* DeleteProjectView.swift in Sources */ = {isa = PBXBuildFile; fileRef = FA84514F28CA90E200FDCDCB /* DeleteProjectView.swift */; };
		FA84515228CA91E000FDCDCB /* EditProjectView.swift in Sources */ = {isa = PBXBuildFile; fileRef = FA84515128CA91E000FDCDCB /* EditProjectView.swift */; };
		FA9DF65328CD8DFB0051DD04 /* FirstProjectDetailsAssistant.swift in Sources */ = {isa = PBXBuildFile; fileRef = FA9DF65228CD8DFB0051DD04 /* FirstProjectDetailsAssistant.swift */; };
		FA9DF65428CD8DFB0051DD04 /* FirstProjectDetailsAssistant.swift in Sources */ = {isa = PBXBuildFile; fileRef = FA9DF65228CD8DFB0051DD04 /* FirstProjectDetailsAssistant.swift */; };
		FA9E340C28CAEB4F0094A7BB /* ProjectsLandingPageView.swift in Sources */ = {isa = PBXBuildFile; fileRef = FA9E340B28CAEB4F0094A7BB /* ProjectsLandingPageView.swift */; };
		FA9E341028CAF3C80094A7BB /* IssueTableView.swift in Sources */ = {isa = PBXBuildFile; fileRef = FA9E340F28CAF3C80094A7BB /* IssueTableView.swift */; };
		FA9E341528CB96FC0094A7BB /* MenuItems.swift in Sources */ = {isa = PBXBuildFile; fileRef = FA9E341428CB96FC0094A7BB /* MenuItems.swift */; };
		FA9E341A28CBA91D0094A7BB /* WelcomePage.swift in Sources */ = {isa = PBXBuildFile; fileRef = FA9E341928CBA91D0094A7BB /* WelcomePage.swift */; };
		FAA74AAC28D7F3DE00EF5F3E /* CoreDataPlugin in Frameworks */ = {isa = PBXBuildFile; productRef = FAA74AAB28D7F3DE00EF5F3E /* CoreDataPlugin */; };
		FAA74AAE28D7F3E600EF5F3E /* CoreDataPlugin in Frameworks */ = {isa = PBXBuildFile; productRef = FAA74AAD28D7F3E600EF5F3E /* CoreDataPlugin */; };
		FAABDCB428CD30F60014DCFB /* IssueTrackingSystemApp.swift in Sources */ = {isa = PBXBuildFile; fileRef = FA1E4B6E28C8143B009D195A /* IssueTrackingSystemApp.swift */; };
		FAABDCB728CD31090014DCFB /* IssueListViewModel.swift in Sources */ = {isa = PBXBuildFile; fileRef = FA2C2F6428C9340D0006495E /* IssueListViewModel.swift */; };
		FAABDCB828CD310C0014DCFB /* CreateProjectViewModel.swift in Sources */ = {isa = PBXBuildFile; fileRef = FA74DCBB28CCB67500731EAF /* CreateProjectViewModel.swift */; };
		FAABDCB928CD310F0014DCFB /* ProjectTableViewModel.swift in Sources */ = {isa = PBXBuildFile; fileRef = FA74DCBD28CCB91A00731EAF /* ProjectTableViewModel.swift */; };
		FAABDCBA28CD31110014DCFB /* DeleteProjectViewModel.swift in Sources */ = {isa = PBXBuildFile; fileRef = FA74DCBF28CCBB3600731EAF /* DeleteProjectViewModel.swift */; };
		FAABDCBB28CD31140014DCFB /* EditProjectViewModel.swift in Sources */ = {isa = PBXBuildFile; fileRef = FA74DCC128CCBC3300731EAF /* EditProjectViewModel.swift */; };
		FAABDCBC28CD31160014DCFB /* ProjectsLandingPageViewModel.swift in Sources */ = {isa = PBXBuildFile; fileRef = FA74DCC528CCC07A00731EAF /* ProjectsLandingPageViewModel.swift */; };
		FAABDCBD28CD31180014DCFB /* LandingPageViewModel.swift in Sources */ = {isa = PBXBuildFile; fileRef = FA74DCC728CCC0DD00731EAF /* LandingPageViewModel.swift */; };
		FAABDCBE28CD311E0014DCFB /* WelcomePage.swift in Sources */ = {isa = PBXBuildFile; fileRef = FA9E341928CBA91D0094A7BB /* WelcomePage.swift */; };
		FAABDCBF28CD31210014DCFB /* ProfileSettingsView.swift in Sources */ = {isa = PBXBuildFile; fileRef = FA74DCC928CCC14700731EAF /* ProfileSettingsView.swift */; };
		FAABDCC028CD31250014DCFB /* LandingPageView.swift in Sources */ = {isa = PBXBuildFile; fileRef = FA1E4B6F28C8143B009D195A /* LandingPageView.swift */; };
		FAABDCC128CD31270014DCFB /* MenuItems.swift in Sources */ = {isa = PBXBuildFile; fileRef = FA9E341428CB96FC0094A7BB /* MenuItems.swift */; };
		FAABDCC228CD31290014DCFB /* HeaderToolbar.swift in Sources */ = {isa = PBXBuildFile; fileRef = FA74DCC328CCBD4A00731EAF /* HeaderToolbar.swift */; };
		FAABDCC328CD312E0014DCFB /* IssuesListView.swift in Sources */ = {isa = PBXBuildFile; fileRef = FA2C2F6228C932250006495E /* IssuesListView.swift */; };
		FAABDCC428CD31300014DCFB /* IssueItemView.swift in Sources */ = {isa = PBXBuildFile; fileRef = FA2C2F6628C934380006495E /* IssueItemView.swift */; };
		FAABDCC528CD31320014DCFB /* CreateIssueView.swift in Sources */ = {isa = PBXBuildFile; fileRef = FAB89AD628CAC9F100EE242B /* CreateIssueView.swift */; };
		FAABDCC628CD31350014DCFB /* IssueTableView.swift in Sources */ = {isa = PBXBuildFile; fileRef = FA9E340F28CAF3C80094A7BB /* IssueTableView.swift */; };
		FAABDCC728CD313A0014DCFB /* ProjectItemView.swift in Sources */ = {isa = PBXBuildFile; fileRef = FA2C2F6028C9304E0006495E /* ProjectItemView.swift */; };
		FAABDCC828CD313C0014DCFB /* ProjectsTableView.swift in Sources */ = {isa = PBXBuildFile; fileRef = FA2C2F4D28C8B9E70006495E /* ProjectsTableView.swift */; };
		FAABDCC928CD313F0014DCFB /* CreateProjectView.swift in Sources */ = {isa = PBXBuildFile; fileRef = FA84514D28CA8F8900FDCDCB /* CreateProjectView.swift */; };
		FAABDCCA28CD31420014DCFB /* DeleteProjectView.swift in Sources */ = {isa = PBXBuildFile; fileRef = FA84514F28CA90E200FDCDCB /* DeleteProjectView.swift */; };
		FAABDCCB28CD31440014DCFB /* EditProjectView.swift in Sources */ = {isa = PBXBuildFile; fileRef = FA84515128CA91E000FDCDCB /* EditProjectView.swift */; };
		FAABDCCC28CD31470014DCFB /* ProjectsLandingPageView.swift in Sources */ = {isa = PBXBuildFile; fileRef = FA9E340B28CAEB4F0094A7BB /* ProjectsLandingPageView.swift */; };
		FAABDCCE28CD314C0014DCFB /* FirstLaunchView.swift in Sources */ = {isa = PBXBuildFile; fileRef = FA74DCCB28CCD8EC00731EAF /* FirstLaunchView.swift */; };
		FAABDCD928CD678E0014DCFB /* FirstProjectNamingAssistant.swift in Sources */ = {isa = PBXBuildFile; fileRef = FAABDCD828CD678E0014DCFB /* FirstProjectNamingAssistant.swift */; };
		FAABDCDA28CD678E0014DCFB /* FirstProjectNamingAssistant.swift in Sources */ = {isa = PBXBuildFile; fileRef = FAABDCD828CD678E0014DCFB /* FirstProjectNamingAssistant.swift */; };
		FAB89AD728CAC9F100EE242B /* CreateIssueView.swift in Sources */ = {isa = PBXBuildFile; fileRef = FAB89AD628CAC9F100EE242B /* CreateIssueView.swift */; };
		FAE4D9B128D03B13003F0004 /* iOSWelcomePageVIew.swift in Sources */ = {isa = PBXBuildFile; fileRef = FAE4D9B028D03B13003F0004 /* iOSWelcomePageVIew.swift */; };
		FAE4D9B228D044A0003F0004 /* iOSWelcomePageVIew.swift in Sources */ = {isa = PBXBuildFile; fileRef = FAE4D9B028D03B13003F0004 /* iOSWelcomePageVIew.swift */; };
		FAFCBB4828D2D55200128B79 /* CloudKit.framework in Frameworks */ = {isa = PBXBuildFile; fileRef = FAFCBB4728D2D55200128B79 /* CloudKit.framework */; };
		FAFCBB4928D2F0B600128B79 /* CloudKit.framework in Frameworks */ = {isa = PBXBuildFile; fileRef = FAFCBB4728D2D55200128B79 /* CloudKit.framework */; };
/* End PBXBuildFile section */

/* Begin PBXContainerItemProxy section */
		FA1E4B8428C8143D009D195A /* PBXContainerItemProxy */ = {
			isa = PBXContainerItemProxy;
			containerPortal = FA1E4B6728C8143B009D195A /* Project object */;
			proxyType = 1;
			remoteGlobalIDString = FA1E4B7528C8143D009D195A;
			remoteInfo = "IssueTrackingSystem (iOS)";
		};
		FA1E4B9028C8143D009D195A /* PBXContainerItemProxy */ = {
			isa = PBXContainerItemProxy;
			containerPortal = FA1E4B6728C8143B009D195A /* Project object */;
			proxyType = 1;
			remoteGlobalIDString = FA1E4B7B28C8143D009D195A;
			remoteInfo = "IssueTrackingSystem (macOS)";
		};
/* End PBXContainerItemProxy section */

/* Begin PBXFileReference section */
		FA0039DE28D81A2400913385 /* DynamicStack.swift */ = {isa = PBXFileReference; fileEncoding = 4; lastKnownFileType = sourcecode.swift; path = DynamicStack.swift; sourceTree = "<group>"; };
		FA0039E228D81EA500913385 /* UseCases */ = {isa = PBXFileReference; lastKnownFileType = wrapper; name = UseCases; path = ../UseCases; sourceTree = "<group>"; };
		FA0039E328D81EAA00913385 /* Domain */ = {isa = PBXFileReference; lastKnownFileType = wrapper; name = Domain; path = ../Domain; sourceTree = "<group>"; };
		FA0039E628D8209400913385 /* macOS.entitlements */ = {isa = PBXFileReference; fileEncoding = 4; lastKnownFileType = text.plist.entitlements; path = macOS.entitlements; sourceTree = "<group>"; };
		FA1E4B6E28C8143B009D195A /* IssueTrackingSystemApp.swift */ = {isa = PBXFileReference; lastKnownFileType = sourcecode.swift; path = IssueTrackingSystemApp.swift; sourceTree = "<group>"; };
		FA1E4B6F28C8143B009D195A /* LandingPageView.swift */ = {isa = PBXFileReference; lastKnownFileType = sourcecode.swift; path = LandingPageView.swift; sourceTree = "<group>"; };
		FA1E4B7128C8143D009D195A /* Assets.xcassets */ = {isa = PBXFileReference; lastKnownFileType = folder.assetcatalog; path = Assets.xcassets; sourceTree = "<group>"; };
		FA1E4B8728C8143D009D195A /* Tests_iOS.swift */ = {isa = PBXFileReference; lastKnownFileType = sourcecode.swift; path = Tests_iOS.swift; sourceTree = "<group>"; };
		FA1E4B8928C8143D009D195A /* Tests_iOSLaunchTests.swift */ = {isa = PBXFileReference; lastKnownFileType = sourcecode.swift; path = Tests_iOSLaunchTests.swift; sourceTree = "<group>"; };
		FA1E4B9328C8143D009D195A /* Tests_macOS.swift */ = {isa = PBXFileReference; lastKnownFileType = sourcecode.swift; path = Tests_macOS.swift; sourceTree = "<group>"; };
		FA1E4B9528C8143D009D195A /* Tests_macOSLaunchTests.swift */ = {isa = PBXFileReference; lastKnownFileType = sourcecode.swift; path = Tests_macOSLaunchTests.swift; sourceTree = "<group>"; };
		FA28861228D1025100A24F7B /* IssueTrackingSystem (iOS)Release.entitlements */ = {isa = PBXFileReference; lastKnownFileType = text.plist.entitlements; path = "IssueTrackingSystem (iOS)Release.entitlements"; sourceTree = "<group>"; };
		FA28861328D1025D00A24F7B /* IssueTrackingSystem (macOS)Release.entitlements */ = {isa = PBXFileReference; lastKnownFileType = text.plist.entitlements; path = "IssueTrackingSystem (macOS)Release.entitlements"; sourceTree = "<group>"; };
		FA2C2F4D28C8B9E70006495E /* ProjectsTableView.swift */ = {isa = PBXFileReference; lastKnownFileType = sourcecode.swift; path = ProjectsTableView.swift; sourceTree = "<group>"; };
		FA2C2F6028C9304E0006495E /* ProjectItemView.swift */ = {isa = PBXFileReference; lastKnownFileType = sourcecode.swift; path = ProjectItemView.swift; sourceTree = "<group>"; };
		FA2C2F6228C932250006495E /* IssuesListView.swift */ = {isa = PBXFileReference; lastKnownFileType = sourcecode.swift; path = IssuesListView.swift; sourceTree = "<group>"; };
		FA2C2F6428C9340D0006495E /* IssueListViewModel.swift */ = {isa = PBXFileReference; lastKnownFileType = sourcecode.swift; path = IssueListViewModel.swift; sourceTree = "<group>"; };
		FA2C2F6628C934380006495E /* IssueItemView.swift */ = {isa = PBXFileReference; lastKnownFileType = sourcecode.swift; path = IssueItemView.swift; sourceTree = "<group>"; };
		FA686D8028D0BFA4001972A0 /* IssueTrackingSystem (iOS).entitlements */ = {isa = PBXFileReference; lastKnownFileType = text.plist.entitlements; path = "IssueTrackingSystem (iOS).entitlements"; sourceTree = "<group>"; };
		FA686D8128D0C042001972A0 /* IssueTrackingSystem--iOS--Info.plist */ = {isa = PBXFileReference; lastKnownFileType = text.plist.xml; path = "IssueTrackingSystem--iOS--Info.plist"; sourceTree = "<group>"; };
		FA74DCBB28CCB67500731EAF /* CreateProjectViewModel.swift */ = {isa = PBXFileReference; lastKnownFileType = sourcecode.swift; path = CreateProjectViewModel.swift; sourceTree = "<group>"; };
		FA74DCBD28CCB91A00731EAF /* ProjectTableViewModel.swift */ = {isa = PBXFileReference; lastKnownFileType = sourcecode.swift; path = ProjectTableViewModel.swift; sourceTree = "<group>"; };
		FA74DCBF28CCBB3600731EAF /* DeleteProjectViewModel.swift */ = {isa = PBXFileReference; lastKnownFileType = sourcecode.swift; path = DeleteProjectViewModel.swift; sourceTree = "<group>"; };
		FA74DCC128CCBC3300731EAF /* EditProjectViewModel.swift */ = {isa = PBXFileReference; lastKnownFileType = sourcecode.swift; path = EditProjectViewModel.swift; sourceTree = "<group>"; };
		FA74DCC328CCBD4A00731EAF /* HeaderToolbar.swift */ = {isa = PBXFileReference; lastKnownFileType = sourcecode.swift; path = HeaderToolbar.swift; sourceTree = "<group>"; };
		FA74DCC528CCC07A00731EAF /* ProjectsLandingPageViewModel.swift */ = {isa = PBXFileReference; lastKnownFileType = sourcecode.swift; path = ProjectsLandingPageViewModel.swift; sourceTree = "<group>"; };
		FA74DCC728CCC0DD00731EAF /* LandingPageViewModel.swift */ = {isa = PBXFileReference; lastKnownFileType = sourcecode.swift; path = LandingPageViewModel.swift; sourceTree = "<group>"; };
		FA74DCC928CCC14700731EAF /* ProfileSettingsView.swift */ = {isa = PBXFileReference; lastKnownFileType = sourcecode.swift; path = ProfileSettingsView.swift; sourceTree = "<group>"; };
		FA74DCCB28CCD8EC00731EAF /* FirstLaunchView.swift */ = {isa = PBXFileReference; lastKnownFileType = sourcecode.swift; path = FirstLaunchView.swift; sourceTree = "<group>"; };
		FA84514D28CA8F8900FDCDCB /* CreateProjectView.swift */ = {isa = PBXFileReference; lastKnownFileType = sourcecode.swift; path = CreateProjectView.swift; sourceTree = "<group>"; };
		FA84514F28CA90E200FDCDCB /* DeleteProjectView.swift */ = {isa = PBXFileReference; lastKnownFileType = sourcecode.swift; path = DeleteProjectView.swift; sourceTree = "<group>"; };
		FA84515128CA91E000FDCDCB /* EditProjectView.swift */ = {isa = PBXFileReference; lastKnownFileType = sourcecode.swift; path = EditProjectView.swift; sourceTree = "<group>"; };
		FA8C335928D7EFD600167858 /* CoreDataPlugin */ = {isa = PBXFileReference; lastKnownFileType = wrapper; name = CoreDataPlugin; path = ../CoreDataPlugin; sourceTree = "<group>"; };
		FA9DF65228CD8DFB0051DD04 /* FirstProjectDetailsAssistant.swift */ = {isa = PBXFileReference; lastKnownFileType = sourcecode.swift; path = FirstProjectDetailsAssistant.swift; sourceTree = "<group>"; };
		FA9E340B28CAEB4F0094A7BB /* ProjectsLandingPageView.swift */ = {isa = PBXFileReference; lastKnownFileType = sourcecode.swift; path = ProjectsLandingPageView.swift; sourceTree = "<group>"; };
		FA9E340F28CAF3C80094A7BB /* IssueTableView.swift */ = {isa = PBXFileReference; lastKnownFileType = sourcecode.swift; path = IssueTableView.swift; sourceTree = "<group>"; };
		FA9E341428CB96FC0094A7BB /* MenuItems.swift */ = {isa = PBXFileReference; lastKnownFileType = sourcecode.swift; path = MenuItems.swift; sourceTree = "<group>"; };
		FA9E341928CBA91D0094A7BB /* WelcomePage.swift */ = {isa = PBXFileReference; lastKnownFileType = sourcecode.swift; path = WelcomePage.swift; sourceTree = "<group>"; };
		FAA74AA728D7F37C00EF5F3E /* IssueTrackingSystem.app */ = {isa = PBXFileReference; explicitFileType = wrapper.application; includeInIndex = 0; path = IssueTrackingSystem.app; sourceTree = BUILT_PRODUCTS_DIR; };
		FAA74AA828D7F37C00EF5F3E /* IssueTrackingSystem.app */ = {isa = PBXFileReference; explicitFileType = wrapper.application; includeInIndex = 0; path = IssueTrackingSystem.app; sourceTree = BUILT_PRODUCTS_DIR; };
		FAA74AA928D7F37C00EF5F3E /* Tests iOS.xctest */ = {isa = PBXFileReference; explicitFileType = wrapper.cfbundle; includeInIndex = 0; path = "Tests iOS.xctest"; sourceTree = BUILT_PRODUCTS_DIR; };
		FAA74AAA28D7F37C00EF5F3E /* Tests macOS.xctest */ = {isa = PBXFileReference; explicitFileType = wrapper.cfbundle; includeInIndex = 0; path = "Tests macOS.xctest"; sourceTree = BUILT_PRODUCTS_DIR; };
		FAABDCD828CD678E0014DCFB /* FirstProjectNamingAssistant.swift */ = {isa = PBXFileReference; lastKnownFileType = sourcecode.swift; path = FirstProjectNamingAssistant.swift; sourceTree = "<group>"; };
		FAB89AD628CAC9F100EE242B /* CreateIssueView.swift */ = {isa = PBXFileReference; lastKnownFileType = sourcecode.swift; path = CreateIssueView.swift; sourceTree = "<group>"; };
		FAE4D9B028D03B13003F0004 /* iOSWelcomePageVIew.swift */ = {isa = PBXFileReference; lastKnownFileType = sourcecode.swift; path = iOSWelcomePageVIew.swift; sourceTree = "<group>"; };
		FAFCBB4728D2D55200128B79 /* CloudKit.framework */ = {isa = PBXFileReference; lastKnownFileType = wrapper.framework; name = CloudKit.framework; path = System/Library/Frameworks/CloudKit.framework; sourceTree = SDKROOT; };
/* End PBXFileReference section */

/* Begin PBXFrameworksBuildPhase section */
		FA1E4B7328C8143D009D195A /* Frameworks */ = {
			isa = PBXFrameworksBuildPhase;
			buildActionMask = 2147483647;
			files = (
				FAA74AAE28D7F3E600EF5F3E /* CoreDataPlugin in Frameworks */,
				FAFCBB4928D2F0B600128B79 /* CloudKit.framework in Frameworks */,
			);
			runOnlyForDeploymentPostprocessing = 0;
		};
		FA1E4B7928C8143D009D195A /* Frameworks */ = {
			isa = PBXFrameworksBuildPhase;
			buildActionMask = 2147483647;
			files = (
				FAA74AAC28D7F3DE00EF5F3E /* CoreDataPlugin in Frameworks */,
				FAFCBB4828D2D55200128B79 /* CloudKit.framework in Frameworks */,
			);
			runOnlyForDeploymentPostprocessing = 0;
		};
		FA1E4B8028C8143D009D195A /* Frameworks */ = {
			isa = PBXFrameworksBuildPhase;
			buildActionMask = 2147483647;
			files = (
			);
			runOnlyForDeploymentPostprocessing = 0;
		};
		FA1E4B8C28C8143D009D195A /* Frameworks */ = {
			isa = PBXFrameworksBuildPhase;
			buildActionMask = 2147483647;
			files = (
			);
			runOnlyForDeploymentPostprocessing = 0;
		};
/* End PBXFrameworksBuildPhase section */

/* Begin PBXGroup section */
		FA0039E128D81B1200913385 /* Tests */ = {
			isa = PBXGroup;
			children = (
				FA1E4B9228C8143D009D195A /* Tests macOS */,
				FA1E4B8628C8143D009D195A /* Tests iOS */,
			);
			path = Tests;
			sourceTree = "<group>";
		};
		FA1E4B6628C8143B009D195A = {
			isa = PBXGroup;
			children = (
				FA0039E328D81EAA00913385 /* Domain */,
				FA0039E228D81EA500913385 /* UseCases */,
				FA8C335928D7EFD600167858 /* CoreDataPlugin */,
				FA28861328D1025D00A24F7B /* IssueTrackingSystem (macOS)Release.entitlements */,
				FA686D8028D0BFA4001972A0 /* IssueTrackingSystem (iOS).entitlements */,
				FA28861228D1025100A24F7B /* IssueTrackingSystem (iOS)Release.entitlements */,
				FA0039E128D81B1200913385 /* Tests */,
				FAE4D9AF28D03AB2003F0004 /* iOS */,
				FA1E4B6B28C8143B009D195A /* Shared */,
				FA1E4B7D28C8143D009D195A /* macOS */,
				FA28860F28D0D99300A24F7B /* Frameworks */,
				FAA74AA728D7F37C00EF5F3E /* IssueTrackingSystem.app */,
				FAA74AA828D7F37C00EF5F3E /* IssueTrackingSystem.app */,
				FAA74AA928D7F37C00EF5F3E /* Tests iOS.xctest */,
				FAA74AAA28D7F37C00EF5F3E /* Tests macOS.xctest */,
			);
			sourceTree = "<group>";
		};
		FA1E4B6B28C8143B009D195A /* Shared */ = {
			isa = PBXGroup;
			children = (
				FA0039DE28D81A2400913385 /* DynamicStack.swift */,
				FA2C2F4528C8B5780006495E /* Application */,
				FA1E4B7128C8143D009D195A /* Assets.xcassets */,
			);
			path = Shared;
			sourceTree = "<group>";
		};
		FA1E4B7D28C8143D009D195A /* macOS */ = {
			isa = PBXGroup;
			children = (
				FA0039E628D8209400913385 /* macOS.entitlements */,
			);
			path = macOS;
			sourceTree = "<group>";
		};
		FA1E4B8628C8143D009D195A /* Tests iOS */ = {
			isa = PBXGroup;
			children = (
				FA1E4B8728C8143D009D195A /* Tests_iOS.swift */,
				FA1E4B8928C8143D009D195A /* Tests_iOSLaunchTests.swift */,
			);
			path = "Tests iOS";
			sourceTree = "<group>";
		};
		FA1E4B9228C8143D009D195A /* Tests macOS */ = {
			isa = PBXGroup;
			children = (
				FA1E4B9328C8143D009D195A /* Tests_macOS.swift */,
				FA1E4B9528C8143D009D195A /* Tests_macOSLaunchTests.swift */,
			);
			path = "Tests macOS";
			sourceTree = "<group>";
		};
		FA28860F28D0D99300A24F7B /* Frameworks */ = {
			isa = PBXGroup;
			children = (
				FAFCBB4728D2D55200128B79 /* CloudKit.framework */,
			);
			name = Frameworks;
			sourceTree = "<group>";
		};
		FA2C2F4528C8B5780006495E /* Application */ = {
			isa = PBXGroup;
			children = (
				FA1E4B6E28C8143B009D195A /* IssueTrackingSystemApp.swift */,
				FA2C2F4728C8B5870006495E /* ViewModels */,
				FA2C2F4628C8B5820006495E /* Views */,
			);
			path = Application;
			sourceTree = "<group>";
		};
		FA2C2F4628C8B5820006495E /* Views */ = {
			isa = PBXGroup;
			children = (
				FAABDCD728CD67320014DCFB /* FirstLaunchViews */,
				FA9E341828CBA9050094A7BB /* UserViews */,
				FA9E341328CB96D20094A7BB /* Shared */,
				FA2C2F6928C935250006495E /* IssueViews */,
				FA2C2F6828C935150006495E /* ProjectViews */,
			);
			path = Views;
			sourceTree = "<group>";
		};
		FA2C2F4728C8B5870006495E /* ViewModels */ = {
			isa = PBXGroup;
			children = (
				FA2C2F6428C9340D0006495E /* IssueListViewModel.swift */,
				FA74DCBB28CCB67500731EAF /* CreateProjectViewModel.swift */,
				FA74DCBD28CCB91A00731EAF /* ProjectTableViewModel.swift */,
				FA74DCBF28CCBB3600731EAF /* DeleteProjectViewModel.swift */,
				FA74DCC128CCBC3300731EAF /* EditProjectViewModel.swift */,
				FA74DCC528CCC07A00731EAF /* ProjectsLandingPageViewModel.swift */,
				FA74DCC728CCC0DD00731EAF /* LandingPageViewModel.swift */,
			);
			path = ViewModels;
			sourceTree = "<group>";
		};
		FA2C2F6828C935150006495E /* ProjectViews */ = {
			isa = PBXGroup;
			children = (
				FA2C2F6028C9304E0006495E /* ProjectItemView.swift */,
				FA2C2F4D28C8B9E70006495E /* ProjectsTableView.swift */,
				FA84514D28CA8F8900FDCDCB /* CreateProjectView.swift */,
				FA84514F28CA90E200FDCDCB /* DeleteProjectView.swift */,
				FA84515128CA91E000FDCDCB /* EditProjectView.swift */,
				FA9E340B28CAEB4F0094A7BB /* ProjectsLandingPageView.swift */,
			);
			path = ProjectViews;
			sourceTree = "<group>";
		};
		FA2C2F6928C935250006495E /* IssueViews */ = {
			isa = PBXGroup;
			children = (
				FA2C2F6228C932250006495E /* IssuesListView.swift */,
				FA2C2F6628C934380006495E /* IssueItemView.swift */,
				FAB89AD628CAC9F100EE242B /* CreateIssueView.swift */,
				FA9E340F28CAF3C80094A7BB /* IssueTableView.swift */,
			);
			path = IssueViews;
			sourceTree = "<group>";
		};
		FA9E341328CB96D20094A7BB /* Shared */ = {
			isa = PBXGroup;
			children = (
				FA1E4B6F28C8143B009D195A /* LandingPageView.swift */,
				FA9E341428CB96FC0094A7BB /* MenuItems.swift */,
				FA74DCC328CCBD4A00731EAF /* HeaderToolbar.swift */,
			);
			path = Shared;
			sourceTree = "<group>";
		};
		FA9E341828CBA9050094A7BB /* UserViews */ = {
			isa = PBXGroup;
			children = (
				FA9E341928CBA91D0094A7BB /* WelcomePage.swift */,
				FA74DCC928CCC14700731EAF /* ProfileSettingsView.swift */,
			);
			path = UserViews;
			sourceTree = "<group>";
		};
		FAABDCD728CD67320014DCFB /* FirstLaunchViews */ = {
			isa = PBXGroup;
			children = (
				FA74DCCB28CCD8EC00731EAF /* FirstLaunchView.swift */,
				FAABDCD828CD678E0014DCFB /* FirstProjectNamingAssistant.swift */,
				FA9DF65228CD8DFB0051DD04 /* FirstProjectDetailsAssistant.swift */,
			);
			path = FirstLaunchViews;
			sourceTree = "<group>";
		};
		FAE4D9AF28D03AB2003F0004 /* iOS */ = {
			isa = PBXGroup;
			children = (
				FA686D8128D0C042001972A0 /* IssueTrackingSystem--iOS--Info.plist */,
				FAE4D9B028D03B13003F0004 /* iOSWelcomePageVIew.swift */,
			);
			path = iOS;
			sourceTree = "<group>";
		};
/* End PBXGroup section */

/* Begin PBXNativeTarget section */
		FA1E4B7528C8143D009D195A /* IssueTrackingSystem (iOS) */ = {
			isa = PBXNativeTarget;
			buildConfigurationList = FA1E4BA328C8143D009D195A /* Build configuration list for PBXNativeTarget "IssueTrackingSystem (iOS)" */;
			buildPhases = (
				FA1E4B7228C8143D009D195A /* Sources */,
				FA1E4B7328C8143D009D195A /* Frameworks */,
				FA1E4B7428C8143D009D195A /* Resources */,
			);
			buildRules = (
			);
			dependencies = (
			);
			name = "IssueTrackingSystem (iOS)";
			packageProductDependencies = (
				FAA74AAD28D7F3E600EF5F3E /* CoreDataPlugin */,
			);
			productName = "IssueTrackingSystem (iOS)";
			productReference = FAA74AA728D7F37C00EF5F3E /* IssueTrackingSystem.app */;
			productType = "com.apple.product-type.application";
		};
		FA1E4B7B28C8143D009D195A /* IssueTrackingSystem (macOS) */ = {
			isa = PBXNativeTarget;
			buildConfigurationList = FA1E4BA628C8143D009D195A /* Build configuration list for PBXNativeTarget "IssueTrackingSystem (macOS)" */;
			buildPhases = (
				FA1E4B7828C8143D009D195A /* Sources */,
				FA1E4B7928C8143D009D195A /* Frameworks */,
				FA1E4B7A28C8143D009D195A /* Resources */,
			);
			buildRules = (
			);
			dependencies = (
			);
			name = "IssueTrackingSystem (macOS)";
			packageProductDependencies = (
				FAA74AAB28D7F3DE00EF5F3E /* CoreDataPlugin */,
			);
			productName = "IssueTrackingSystem (macOS)";
			productReference = FAA74AA828D7F37C00EF5F3E /* IssueTrackingSystem.app */;
			productType = "com.apple.product-type.application";
		};
		FA1E4B8228C8143D009D195A /* Tests iOS */ = {
			isa = PBXNativeTarget;
			buildConfigurationList = FA1E4BA928C8143D009D195A /* Build configuration list for PBXNativeTarget "Tests iOS" */;
			buildPhases = (
				FA1E4B7F28C8143D009D195A /* Sources */,
				FA1E4B8028C8143D009D195A /* Frameworks */,
				FA1E4B8128C8143D009D195A /* Resources */,
			);
			buildRules = (
			);
			dependencies = (
				FA1E4B8528C8143D009D195A /* PBXTargetDependency */,
			);
			name = "Tests iOS";
			packageProductDependencies = (
			);
			productName = "Tests iOS";
			productReference = FAA74AA928D7F37C00EF5F3E /* Tests iOS.xctest */;
			productType = "com.apple.product-type.bundle.ui-testing";
		};
		FA1E4B8E28C8143D009D195A /* Tests macOS */ = {
			isa = PBXNativeTarget;
			buildConfigurationList = FA1E4BAC28C8143D009D195A /* Build configuration list for PBXNativeTarget "Tests macOS" */;
			buildPhases = (
				FA1E4B8B28C8143D009D195A /* Sources */,
				FA1E4B8C28C8143D009D195A /* Frameworks */,
				FA1E4B8D28C8143D009D195A /* Resources */,
			);
			buildRules = (
			);
			dependencies = (
				FA1E4B9128C8143D009D195A /* PBXTargetDependency */,
			);
			name = "Tests macOS";
			packageProductDependencies = (
			);
			productName = "Tests macOS";
			productReference = FAA74AAA28D7F37C00EF5F3E /* Tests macOS.xctest */;
			productType = "com.apple.product-type.bundle.ui-testing";
		};
/* End PBXNativeTarget section */

/* Begin PBXProject section */
		FA1E4B6728C8143B009D195A /* Project object */ = {
			isa = PBXProject;
			attributes = {
				BuildIndependentTargetsInParallel = 1;
				LastSwiftUpdateCheck = 1340;
				LastUpgradeCheck = 1400;
				TargetAttributes = {
					FA1E4B7528C8143D009D195A = {
						CreatedOnToolsVersion = 13.4.1;
					};
					FA1E4B7B28C8143D009D195A = {
						CreatedOnToolsVersion = 13.4.1;
					};
					FA1E4B8228C8143D009D195A = {
						CreatedOnToolsVersion = 13.4.1;
						TestTargetID = FA1E4B7528C8143D009D195A;
					};
					FA1E4B8E28C8143D009D195A = {
						CreatedOnToolsVersion = 13.4.1;
						TestTargetID = FA1E4B7B28C8143D009D195A;
					};
				};
			};
			buildConfigurationList = FA1E4B6A28C8143B009D195A /* Build configuration list for PBXProject "IssueTrackingSystem" */;
			compatibilityVersion = "Xcode 13.0";
			developmentRegion = en;
			hasScannedForEncodings = 0;
			knownRegions = (
				en,
				Base,
			);
			mainGroup = FA1E4B6628C8143B009D195A;
			productRefGroup = FA1E4B6628C8143B009D195A;
			projectDirPath = "";
			projectRoot = "";
			targets = (
				FA1E4B7528C8143D009D195A /* IssueTrackingSystem (iOS) */,
				FA1E4B7B28C8143D009D195A /* IssueTrackingSystem (macOS) */,
				FA1E4B8228C8143D009D195A /* Tests iOS */,
				FA1E4B8E28C8143D009D195A /* Tests macOS */,
			);
		};
/* End PBXProject section */

/* Begin PBXResourcesBuildPhase section */
		FA1E4B7428C8143D009D195A /* Resources */ = {
			isa = PBXResourcesBuildPhase;
			buildActionMask = 2147483647;
			files = (
				FA1E4B9F28C8143D009D195A /* Assets.xcassets in Resources */,
			);
			runOnlyForDeploymentPostprocessing = 0;
		};
		FA1E4B7A28C8143D009D195A /* Resources */ = {
			isa = PBXResourcesBuildPhase;
			buildActionMask = 2147483647;
			files = (
				FA1E4BA028C8143D009D195A /* Assets.xcassets in Resources */,
			);
			runOnlyForDeploymentPostprocessing = 0;
		};
		FA1E4B8128C8143D009D195A /* Resources */ = {
			isa = PBXResourcesBuildPhase;
			buildActionMask = 2147483647;
			files = (
			);
			runOnlyForDeploymentPostprocessing = 0;
		};
		FA1E4B8D28C8143D009D195A /* Resources */ = {
			isa = PBXResourcesBuildPhase;
			buildActionMask = 2147483647;
			files = (
			);
			runOnlyForDeploymentPostprocessing = 0;
		};
/* End PBXResourcesBuildPhase section */

/* Begin PBXSourcesBuildPhase section */
		FA1E4B7228C8143D009D195A /* Sources */ = {
			isa = PBXSourcesBuildPhase;
			buildActionMask = 2147483647;
			files = (
				FAABDCC828CD313C0014DCFB /* ProjectsTableView.swift in Sources */,
				FAABDCC628CD31350014DCFB /* IssueTableView.swift in Sources */,
				FAABDCB428CD30F60014DCFB /* IssueTrackingSystemApp.swift in Sources */,
				FAABDCBB28CD31140014DCFB /* EditProjectViewModel.swift in Sources */,
				FAABDCB728CD31090014DCFB /* IssueListViewModel.swift in Sources */,
				FAABDCC928CD313F0014DCFB /* CreateProjectView.swift in Sources */,
				FAABDCC028CD31250014DCFB /* LandingPageView.swift in Sources */,
				FAABDCCA28CD31420014DCFB /* DeleteProjectView.swift in Sources */,
				FAABDCBC28CD31160014DCFB /* ProjectsLandingPageViewModel.swift in Sources */,
				FAABDCB928CD310F0014DCFB /* ProjectTableViewModel.swift in Sources */,
				FAABDCC228CD31290014DCFB /* HeaderToolbar.swift in Sources */,
				FAABDCBA28CD31110014DCFB /* DeleteProjectViewModel.swift in Sources */,
				FAABDCB828CD310C0014DCFB /* CreateProjectViewModel.swift in Sources */,
				FAABDCCB28CD31440014DCFB /* EditProjectView.swift in Sources */,
				FAABDCCC28CD31470014DCFB /* ProjectsLandingPageView.swift in Sources */,
				FAE4D9B128D03B13003F0004 /* iOSWelcomePageVIew.swift in Sources */,
				FAABDCC428CD31300014DCFB /* IssueItemView.swift in Sources */,
				FAABDCC328CD312E0014DCFB /* IssuesListView.swift in Sources */,
				FAABDCCE28CD314C0014DCFB /* FirstLaunchView.swift in Sources */,
				FAABDCBE28CD311E0014DCFB /* WelcomePage.swift in Sources */,
				FA0039DF28D81A2400913385 /* DynamicStack.swift in Sources */,
				FAABDCBF28CD31210014DCFB /* ProfileSettingsView.swift in Sources */,
				FAABDCD928CD678E0014DCFB /* FirstProjectNamingAssistant.swift in Sources */,
				FA9DF65328CD8DFB0051DD04 /* FirstProjectDetailsAssistant.swift in Sources */,
				FAABDCC528CD31320014DCFB /* CreateIssueView.swift in Sources */,
				FAABDCC728CD313A0014DCFB /* ProjectItemView.swift in Sources */,
				FAABDCC128CD31270014DCFB /* MenuItems.swift in Sources */,
				FAABDCBD28CD31180014DCFB /* LandingPageViewModel.swift in Sources */,
			);
			runOnlyForDeploymentPostprocessing = 0;
		};
		FA1E4B7828C8143D009D195A /* Sources */ = {
			isa = PBXSourcesBuildPhase;
			buildActionMask = 2147483647;
			files = (
				FAB89AD728CAC9F100EE242B /* CreateIssueView.swift in Sources */,
				FA2C2F6528C9340D0006495E /* IssueListViewModel.swift in Sources */,
				FA9E341528CB96FC0094A7BB /* MenuItems.swift in Sources */,
				FA84514E28CA8F8900FDCDCB /* CreateProjectView.swift in Sources */,
				FA1E4B9A28C8143D009D195A /* IssueTrackingSystemApp.swift in Sources */,
				FA2C2F6728C934380006495E /* IssueItemView.swift in Sources */,
				FA74DCCA28CCC14700731EAF /* ProfileSettingsView.swift in Sources */,
				FA9E340C28CAEB4F0094A7BB /* ProjectsLandingPageView.swift in Sources */,
				FA1E4B9C28C8143D009D195A /* LandingPageView.swift in Sources */,
				FA9E341A28CBA91D0094A7BB /* WelcomePage.swift in Sources */,
				FA74DCCC28CCD8EC00731EAF /* FirstLaunchView.swift in Sources */,
				FA84515228CA91E000FDCDCB /* EditProjectView.swift in Sources */,
				FAE4D9B228D044A0003F0004 /* iOSWelcomePageVIew.swift in Sources */,
				FA74DCBE28CCB91A00731EAF /* ProjectTableViewModel.swift in Sources */,
				FA2C2F6328C932250006495E /* IssuesListView.swift in Sources */,
				FA2C2F4F28C8B9EF0006495E /* ProjectsTableView.swift in Sources */,
				FA74DCC828CCC0DD00731EAF /* LandingPageViewModel.swift in Sources */,
				FA74DCC228CCBC3300731EAF /* EditProjectViewModel.swift in Sources */,
				FA2C2F6128C9304E0006495E /* ProjectItemView.swift in Sources */,
				FA74DCC028CCBB3600731EAF /* DeleteProjectViewModel.swift in Sources */,
				FA0039E028D81A2400913385 /* DynamicStack.swift in Sources */,
				FAABDCDA28CD678E0014DCFB /* FirstProjectNamingAssistant.swift in Sources */,
				FA9DF65428CD8DFB0051DD04 /* FirstProjectDetailsAssistant.swift in Sources */,
				FA9E341028CAF3C80094A7BB /* IssueTableView.swift in Sources */,
				FA74DCBC28CCB67500731EAF /* CreateProjectViewModel.swift in Sources */,
				FA84515028CA90E200FDCDCB /* DeleteProjectView.swift in Sources */,
				FA74DCC628CCC07A00731EAF /* ProjectsLandingPageViewModel.swift in Sources */,
				FA74DCC428CCBD4A00731EAF /* HeaderToolbar.swift in Sources */,
			);
			runOnlyForDeploymentPostprocessing = 0;
		};
		FA1E4B7F28C8143D009D195A /* Sources */ = {
			isa = PBXSourcesBuildPhase;
			buildActionMask = 2147483647;
			files = (
			);
			runOnlyForDeploymentPostprocessing = 0;
		};
		FA1E4B8B28C8143D009D195A /* Sources */ = {
			isa = PBXSourcesBuildPhase;
			buildActionMask = 2147483647;
			files = (
			);
			runOnlyForDeploymentPostprocessing = 0;
		};
/* End PBXSourcesBuildPhase section */

/* Begin PBXTargetDependency section */
		FA1E4B8528C8143D009D195A /* PBXTargetDependency */ = {
			isa = PBXTargetDependency;
			target = FA1E4B7528C8143D009D195A /* IssueTrackingSystem (iOS) */;
			targetProxy = FA1E4B8428C8143D009D195A /* PBXContainerItemProxy */;
		};
		FA1E4B9128C8143D009D195A /* PBXTargetDependency */ = {
			isa = PBXTargetDependency;
			target = FA1E4B7B28C8143D009D195A /* IssueTrackingSystem (macOS) */;
			targetProxy = FA1E4B9028C8143D009D195A /* PBXContainerItemProxy */;
		};
/* End PBXTargetDependency section */

/* Begin XCBuildConfiguration section */
		FA1E4BA128C8143D009D195A /* Debug */ = {
			isa = XCBuildConfiguration;
			buildSettings = {
				ALWAYS_SEARCH_USER_PATHS = NO;
				CLANG_ANALYZER_NONNULL = YES;
				CLANG_ANALYZER_NUMBER_OBJECT_CONVERSION = YES_AGGRESSIVE;
				CLANG_CXX_LANGUAGE_STANDARD = "gnu++17";
				CLANG_ENABLE_MODULES = YES;
				CLANG_ENABLE_OBJC_ARC = YES;
				CLANG_ENABLE_OBJC_WEAK = YES;
				CLANG_WARN_BLOCK_CAPTURE_AUTORELEASING = YES;
				CLANG_WARN_BOOL_CONVERSION = YES;
				CLANG_WARN_COMMA = YES;
				CLANG_WARN_CONSTANT_CONVERSION = YES;
				CLANG_WARN_DEPRECATED_OBJC_IMPLEMENTATIONS = YES;
				CLANG_WARN_DIRECT_OBJC_ISA_USAGE = YES_ERROR;
				CLANG_WARN_DOCUMENTATION_COMMENTS = YES;
				CLANG_WARN_EMPTY_BODY = YES;
				CLANG_WARN_ENUM_CONVERSION = YES;
				CLANG_WARN_INFINITE_RECURSION = YES;
				CLANG_WARN_INT_CONVERSION = YES;
				CLANG_WARN_NON_LITERAL_NULL_CONVERSION = YES;
				CLANG_WARN_OBJC_IMPLICIT_RETAIN_SELF = YES;
				CLANG_WARN_OBJC_LITERAL_CONVERSION = YES;
				CLANG_WARN_OBJC_ROOT_CLASS = YES_ERROR;
				CLANG_WARN_QUOTED_INCLUDE_IN_FRAMEWORK_HEADER = YES;
				CLANG_WARN_RANGE_LOOP_ANALYSIS = YES;
				CLANG_WARN_STRICT_PROTOTYPES = YES;
				CLANG_WARN_SUSPICIOUS_MOVE = YES;
				CLANG_WARN_UNGUARDED_AVAILABILITY = YES_AGGRESSIVE;
				CLANG_WARN_UNREACHABLE_CODE = YES;
				CLANG_WARN__DUPLICATE_METHOD_MATCH = YES;
				COPY_PHASE_STRIP = NO;
				DEAD_CODE_STRIPPING = YES;
				DEBUG_INFORMATION_FORMAT = dwarf;
				ENABLE_STRICT_OBJC_MSGSEND = YES;
				ENABLE_TESTABILITY = YES;
				ENABLE_USER_SELECTED_FILES = readwrite;
				GCC_C_LANGUAGE_STANDARD = gnu11;
				GCC_DYNAMIC_NO_PIC = NO;
				GCC_NO_COMMON_BLOCKS = YES;
				GCC_OPTIMIZATION_LEVEL = 0;
				GCC_PREPROCESSOR_DEFINITIONS = (
					"DEBUG=1",
					"$(inherited)",
				);
				GCC_WARN_64_TO_32_BIT_CONVERSION = YES;
				GCC_WARN_ABOUT_RETURN_TYPE = YES_ERROR;
				GCC_WARN_UNDECLARED_SELECTOR = YES;
				GCC_WARN_UNINITIALIZED_AUTOS = YES_AGGRESSIVE;
				GCC_WARN_UNUSED_FUNCTION = YES;
				GCC_WARN_UNUSED_VARIABLE = YES;
				MACOSX_DEPLOYMENT_TARGET = 13.;
				MTL_ENABLE_DEBUG_INFO = INCLUDE_SOURCE;
				MTL_FAST_MATH = YES;
				ONLY_ACTIVE_ARCH = YES;
				SWIFT_ACTIVE_COMPILATION_CONDITIONS = DEBUG;
				SWIFT_OPTIMIZATION_LEVEL = "-Onone";
			};
			name = Debug;
		};
		FA1E4BA228C8143D009D195A /* Release */ = {
			isa = XCBuildConfiguration;
			buildSettings = {
				ALWAYS_SEARCH_USER_PATHS = NO;
				CLANG_ANALYZER_NONNULL = YES;
				CLANG_ANALYZER_NUMBER_OBJECT_CONVERSION = YES_AGGRESSIVE;
				CLANG_CXX_LANGUAGE_STANDARD = "gnu++17";
				CLANG_ENABLE_MODULES = YES;
				CLANG_ENABLE_OBJC_ARC = YES;
				CLANG_ENABLE_OBJC_WEAK = YES;
				CLANG_WARN_BLOCK_CAPTURE_AUTORELEASING = YES;
				CLANG_WARN_BOOL_CONVERSION = YES;
				CLANG_WARN_COMMA = YES;
				CLANG_WARN_CONSTANT_CONVERSION = YES;
				CLANG_WARN_DEPRECATED_OBJC_IMPLEMENTATIONS = YES;
				CLANG_WARN_DIRECT_OBJC_ISA_USAGE = YES_ERROR;
				CLANG_WARN_DOCUMENTATION_COMMENTS = YES;
				CLANG_WARN_EMPTY_BODY = YES;
				CLANG_WARN_ENUM_CONVERSION = YES;
				CLANG_WARN_INFINITE_RECURSION = YES;
				CLANG_WARN_INT_CONVERSION = YES;
				CLANG_WARN_NON_LITERAL_NULL_CONVERSION = YES;
				CLANG_WARN_OBJC_IMPLICIT_RETAIN_SELF = YES;
				CLANG_WARN_OBJC_LITERAL_CONVERSION = YES;
				CLANG_WARN_OBJC_ROOT_CLASS = YES_ERROR;
				CLANG_WARN_QUOTED_INCLUDE_IN_FRAMEWORK_HEADER = YES;
				CLANG_WARN_RANGE_LOOP_ANALYSIS = YES;
				CLANG_WARN_STRICT_PROTOTYPES = YES;
				CLANG_WARN_SUSPICIOUS_MOVE = YES;
				CLANG_WARN_UNGUARDED_AVAILABILITY = YES_AGGRESSIVE;
				CLANG_WARN_UNREACHABLE_CODE = YES;
				CLANG_WARN__DUPLICATE_METHOD_MATCH = YES;
				COPY_PHASE_STRIP = NO;
				DEAD_CODE_STRIPPING = YES;
				DEBUG_INFORMATION_FORMAT = "dwarf-with-dsym";
				ENABLE_NS_ASSERTIONS = NO;
				ENABLE_STRICT_OBJC_MSGSEND = YES;
				ENABLE_USER_SELECTED_FILES = readwrite;
				GCC_C_LANGUAGE_STANDARD = gnu11;
				GCC_NO_COMMON_BLOCKS = YES;
				GCC_WARN_64_TO_32_BIT_CONVERSION = YES;
				GCC_WARN_ABOUT_RETURN_TYPE = YES_ERROR;
				GCC_WARN_UNDECLARED_SELECTOR = YES;
				GCC_WARN_UNINITIALIZED_AUTOS = YES_AGGRESSIVE;
				GCC_WARN_UNUSED_FUNCTION = YES;
				GCC_WARN_UNUSED_VARIABLE = YES;
				MACOSX_DEPLOYMENT_TARGET = 13.;
				MTL_ENABLE_DEBUG_INFO = NO;
				MTL_FAST_MATH = YES;
				SWIFT_COMPILATION_MODE = wholemodule;
				SWIFT_OPTIMIZATION_LEVEL = "-O";
			};
			name = Release;
		};
		FA1E4BA428C8143D009D195A /* Debug */ = {
			isa = XCBuildConfiguration;
			buildSettings = {
				ASSETCATALOG_COMPILER_APPICON_NAME = AppIcon;
				ASSETCATALOG_COMPILER_GLOBAL_ACCENT_COLOR_NAME = AccentColor;
				CODE_SIGN_ENTITLEMENTS = "IssueTrackingSystem (iOS).entitlements";
				CODE_SIGN_STYLE = Automatic;
				CURRENT_PROJECT_VERSION = 1;
				DEVELOPMENT_TEAM = F6YKB36Y9U;
				ENABLE_PREVIEWS = YES;
				GENERATE_INFOPLIST_FILE = YES;
				INFOPLIST_FILE = "IssueTrackingSystem--iOS--Info.plist";
				INFOPLIST_KEY_UIApplicationSceneManifest_Generation = YES;
				INFOPLIST_KEY_UIApplicationSupportsIndirectInputEvents = YES;
				INFOPLIST_KEY_UILaunchScreen_Generation = YES;
				INFOPLIST_KEY_UISupportedInterfaceOrientations_iPad = "UIInterfaceOrientationPortrait UIInterfaceOrientationPortraitUpsideDown UIInterfaceOrientationLandscapeLeft UIInterfaceOrientationLandscapeRight";
				INFOPLIST_KEY_UISupportedInterfaceOrientations_iPhone = "UIInterfaceOrientationPortrait UIInterfaceOrientationLandscapeLeft UIInterfaceOrientationLandscapeRight";
				IPHONEOS_DEPLOYMENT_TARGET = 16.0;
				LD_RUNPATH_SEARCH_PATHS = (
					"$(inherited)",
					"@executable_path/Frameworks",
				);
				MARKETING_VERSION = 1.0;
				PRODUCT_BUNDLE_IDENTIFIER = com.paullo.IssueTrackingSystem.new;
				PRODUCT_NAME = IssueTrackingSystem;
				SDKROOT = iphoneos;
				SWIFT_EMIT_LOC_STRINGS = YES;
				SWIFT_VERSION = 5.0;
				TARGETED_DEVICE_FAMILY = "1,2";
			};
			name = Debug;
		};
		FA1E4BA528C8143D009D195A /* Release */ = {
			isa = XCBuildConfiguration;
			buildSettings = {
				ASSETCATALOG_COMPILER_APPICON_NAME = AppIcon;
				ASSETCATALOG_COMPILER_GLOBAL_ACCENT_COLOR_NAME = AccentColor;
				CODE_SIGN_ENTITLEMENTS = "IssueTrackingSystem (iOS)Release.entitlements";
				CODE_SIGN_STYLE = Automatic;
				CURRENT_PROJECT_VERSION = 1;
				DEVELOPMENT_TEAM = F6YKB36Y9U;
				ENABLE_PREVIEWS = YES;
				GENERATE_INFOPLIST_FILE = YES;
				INFOPLIST_FILE = "IssueTrackingSystem--iOS--Info.plist";
				INFOPLIST_KEY_UIApplicationSceneManifest_Generation = YES;
				INFOPLIST_KEY_UIApplicationSupportsIndirectInputEvents = YES;
				INFOPLIST_KEY_UILaunchScreen_Generation = YES;
				INFOPLIST_KEY_UISupportedInterfaceOrientations_iPad = "UIInterfaceOrientationPortrait UIInterfaceOrientationPortraitUpsideDown UIInterfaceOrientationLandscapeLeft UIInterfaceOrientationLandscapeRight";
				INFOPLIST_KEY_UISupportedInterfaceOrientations_iPhone = "UIInterfaceOrientationPortrait UIInterfaceOrientationLandscapeLeft UIInterfaceOrientationLandscapeRight";
				IPHONEOS_DEPLOYMENT_TARGET = 16.0;
				LD_RUNPATH_SEARCH_PATHS = (
					"$(inherited)",
					"@executable_path/Frameworks",
				);
				MARKETING_VERSION = 1.0;
				PRODUCT_BUNDLE_IDENTIFIER = com.paullo.IssueTrackingSystem.new;
				PRODUCT_NAME = IssueTrackingSystem;
				SDKROOT = iphoneos;
				SWIFT_EMIT_LOC_STRINGS = YES;
				SWIFT_VERSION = 5.0;
				TARGETED_DEVICE_FAMILY = "1,2";
				VALIDATE_PRODUCT = YES;
			};
			name = Release;
		};
		FA1E4BA728C8143D009D195A /* Debug */ = {
			isa = XCBuildConfiguration;
			buildSettings = {
				ASSETCATALOG_COMPILER_APPICON_NAME = AppIcon;
				ASSETCATALOG_COMPILER_GLOBAL_ACCENT_COLOR_NAME = AccentColor;
				CODE_SIGN_ENTITLEMENTS = macOS/macOS.entitlements;
				CODE_SIGN_IDENTITY = "-";
				"CODE_SIGN_IDENTITY[sdk=macosx*]" = "Apple Development";
				CODE_SIGN_STYLE = Automatic;
				COMBINE_HIDPI_IMAGES = YES;
				CURRENT_PROJECT_VERSION = 1;
				DEAD_CODE_STRIPPING = YES;
				DEVELOPMENT_TEAM = F6YKB36Y9U;
				ENABLE_HARDENED_RUNTIME = NO;
				ENABLE_PREVIEWS = YES;
				GENERATE_INFOPLIST_FILE = YES;
				INFOPLIST_KEY_NSHumanReadableCopyright = "";
				LD_RUNPATH_SEARCH_PATHS = (
					"$(inherited)",
					"@executable_path/../Frameworks",
				);
				MACOSX_DEPLOYMENT_TARGET = 13.0;
				MARKETING_VERSION = 1.0;
				PRODUCT_BUNDLE_IDENTIFIER = com.paullo.IssueTrackingSystem.new;
				PRODUCT_NAME = IssueTrackingSystem;
				SDKROOT = macosx;
				SWIFT_EMIT_LOC_STRINGS = YES;
				SWIFT_VERSION = 5.0;
			};
			name = Debug;
		};
		FA1E4BA828C8143D009D195A /* Release */ = {
			isa = XCBuildConfiguration;
			buildSettings = {
				ASSETCATALOG_COMPILER_APPICON_NAME = AppIcon;
				ASSETCATALOG_COMPILER_GLOBAL_ACCENT_COLOR_NAME = AccentColor;
				CODE_SIGN_ENTITLEMENTS = "IssueTrackingSystem (macOS)Release.entitlements";
				CODE_SIGN_IDENTITY = "-";
				"CODE_SIGN_IDENTITY[sdk=macosx*]" = "Apple Development";
				CODE_SIGN_STYLE = Automatic;
				COMBINE_HIDPI_IMAGES = YES;
				CURRENT_PROJECT_VERSION = 1;
				DEAD_CODE_STRIPPING = YES;
				DEVELOPMENT_TEAM = F6YKB36Y9U;
				ENABLE_HARDENED_RUNTIME = NO;
				ENABLE_PREVIEWS = YES;
				GENERATE_INFOPLIST_FILE = YES;
				INFOPLIST_KEY_NSHumanReadableCopyright = "";
				LD_RUNPATH_SEARCH_PATHS = (
					"$(inherited)",
					"@executable_path/../Frameworks",
				);
				MACOSX_DEPLOYMENT_TARGET = 13.0;
				MARKETING_VERSION = 1.0;
				PRODUCT_BUNDLE_IDENTIFIER = com.paullo.IssueTrackingSystem.new;
				PRODUCT_NAME = IssueTrackingSystem;
				SDKROOT = macosx;
				SWIFT_EMIT_LOC_STRINGS = YES;
				SWIFT_VERSION = 5.0;
			};
			name = Release;
		};
		FA1E4BAA28C8143D009D195A /* Debug */ = {
			isa = XCBuildConfiguration;
			buildSettings = {
				ALWAYS_EMBED_SWIFT_STANDARD_LIBRARIES = YES;
				CODE_SIGN_STYLE = Automatic;
				CURRENT_PROJECT_VERSION = 1;
				DEVELOPMENT_TEAM = F6YKB36Y9U;
				GENERATE_INFOPLIST_FILE = YES;
				IPHONEOS_DEPLOYMENT_TARGET = 15.5;
				MARKETING_VERSION = 1.0;
				PRODUCT_BUNDLE_IDENTIFIER = "com.paullo.IssueTrackingSystem.new.Tests-iOS";
				PRODUCT_NAME = "$(TARGET_NAME)";
				SDKROOT = iphoneos;
				SWIFT_EMIT_LOC_STRINGS = NO;
				SWIFT_VERSION = 5.0;
				TARGETED_DEVICE_FAMILY = "1,2";
				TEST_TARGET_NAME = "IssueTrackingSystem (iOS)";
			};
			name = Debug;
		};
		FA1E4BAB28C8143D009D195A /* Release */ = {
			isa = XCBuildConfiguration;
			buildSettings = {
				ALWAYS_EMBED_SWIFT_STANDARD_LIBRARIES = YES;
				CODE_SIGN_STYLE = Automatic;
				CURRENT_PROJECT_VERSION = 1;
				DEVELOPMENT_TEAM = F6YKB36Y9U;
				GENERATE_INFOPLIST_FILE = YES;
				IPHONEOS_DEPLOYMENT_TARGET = 15.5;
				MARKETING_VERSION = 1.0;
				PRODUCT_BUNDLE_IDENTIFIER = "com.paullo.IssueTrackingSystem.new.Tests-iOS";
				PRODUCT_NAME = "$(TARGET_NAME)";
				SDKROOT = iphoneos;
				SWIFT_EMIT_LOC_STRINGS = NO;
				SWIFT_VERSION = 5.0;
				TARGETED_DEVICE_FAMILY = "1,2";
				TEST_TARGET_NAME = "IssueTrackingSystem (iOS)";
				VALIDATE_PRODUCT = YES;
			};
			name = Release;
		};
		FA1E4BAD28C8143D009D195A /* Debug */ = {
			isa = XCBuildConfiguration;
			buildSettings = {
				ALWAYS_EMBED_SWIFT_STANDARD_LIBRARIES = YES;
				CODE_SIGN_STYLE = Automatic;
				CURRENT_PROJECT_VERSION = 1;
				DEAD_CODE_STRIPPING = YES;
				DEVELOPMENT_TEAM = F6YKB36Y9U;
				GENERATE_INFOPLIST_FILE = YES;
				MACOSX_DEPLOYMENT_TARGET = 12.3;
				MARKETING_VERSION = 1.0;
				PRODUCT_BUNDLE_IDENTIFIER = "com.paullo.IssueTrackingSystem.new.Tests-macOS";
				PRODUCT_NAME = "$(TARGET_NAME)";
				SDKROOT = macosx;
				SWIFT_EMIT_LOC_STRINGS = NO;
				SWIFT_VERSION = 5.0;
				TEST_TARGET_NAME = "IssueTrackingSystem (macOS)";
			};
			name = Debug;
		};
		FA1E4BAE28C8143D009D195A /* Release */ = {
			isa = XCBuildConfiguration;
			buildSettings = {
				ALWAYS_EMBED_SWIFT_STANDARD_LIBRARIES = YES;
				CODE_SIGN_STYLE = Automatic;
				CURRENT_PROJECT_VERSION = 1;
				DEAD_CODE_STRIPPING = YES;
				DEVELOPMENT_TEAM = F6YKB36Y9U;
				GENERATE_INFOPLIST_FILE = YES;
				MACOSX_DEPLOYMENT_TARGET = 12.3;
				MARKETING_VERSION = 1.0;
				PRODUCT_BUNDLE_IDENTIFIER = "com.paullo.IssueTrackingSystem.new.Tests-macOS";
				PRODUCT_NAME = "$(TARGET_NAME)";
				SDKROOT = macosx;
				SWIFT_EMIT_LOC_STRINGS = NO;
				SWIFT_VERSION = 5.0;
				TEST_TARGET_NAME = "IssueTrackingSystem (macOS)";
			};
			name = Release;
		};
/* End XCBuildConfiguration section */

/* Begin XCConfigurationList section */
		FA1E4B6A28C8143B009D195A /* Build configuration list for PBXProject "IssueTrackingSystem" */ = {
			isa = XCConfigurationList;
			buildConfigurations = (
				FA1E4BA128C8143D009D195A /* Debug */,
				FA1E4BA228C8143D009D195A /* Release */,
			);
			defaultConfigurationIsVisible = 0;
			defaultConfigurationName = Debug;
		};
		FA1E4BA328C8143D009D195A /* Build configuration list for PBXNativeTarget "IssueTrackingSystem (iOS)" */ = {
			isa = XCConfigurationList;
			buildConfigurations = (
				FA1E4BA428C8143D009D195A /* Debug */,
				FA1E4BA528C8143D009D195A /* Release */,
			);
			defaultConfigurationIsVisible = 0;
			defaultConfigurationName = Debug;
		};
		FA1E4BA628C8143D009D195A /* Build configuration list for PBXNativeTarget "IssueTrackingSystem (macOS)" */ = {
			isa = XCConfigurationList;
			buildConfigurations = (
				FA1E4BA728C8143D009D195A /* Debug */,
				FA1E4BA828C8143D009D195A /* Release */,
			);
			defaultConfigurationIsVisible = 0;
			defaultConfigurationName = Debug;
		};
		FA1E4BA928C8143D009D195A /* Build configuration list for PBXNativeTarget "Tests iOS" */ = {
			isa = XCConfigurationList;
			buildConfigurations = (
				FA1E4BAA28C8143D009D195A /* Debug */,
				FA1E4BAB28C8143D009D195A /* Release */,
			);
			defaultConfigurationIsVisible = 0;
			defaultConfigurationName = Debug;
		};
		FA1E4BAC28C8143D009D195A /* Build configuration list for PBXNativeTarget "Tests macOS" */ = {
			isa = XCConfigurationList;
			buildConfigurations = (
				FA1E4BAD28C8143D009D195A /* Debug */,
				FA1E4BAE28C8143D009D195A /* Release */,
			);
			defaultConfigurationIsVisible = 0;
			defaultConfigurationName = Debug;
		};
/* End XCConfigurationList section */

/* Begin XCSwiftPackageProductDependency section */
		FAA74AAB28D7F3DE00EF5F3E /* CoreDataPlugin */ = {
			isa = XCSwiftPackageProductDependency;
			productName = CoreDataPlugin;
		};
		FAA74AAD28D7F3E600EF5F3E /* CoreDataPlugin */ = {
			isa = XCSwiftPackageProductDependency;
			productName = CoreDataPlugin;
		};
/* End XCSwiftPackageProductDependency section */
	};
	rootObject = FA1E4B6728C8143B009D195A /* Project object */;
}
